PODS:
  - FunnyButton (0.1.5)
  - JPBasic/JPBrowseImages (0.1.8):
    - JPBasic/JPConst
  - JPBasic/JPCategory (0.1.8):
    - JPBasic/JPConst
    - Masonry
    - pop
  - JPBasic/JPConst (0.1.8)
  - JPBasic/JPProgressHUD (0.1.8):
    - SVProgressHUD
  - JPCrop (0.2.3)
  - JPImageresizerView (1.11.2)
  - JPLiquidLayout (0.1.1)
  - LookinServer (1.1.5):
    - LookinServer/Core (= 1.1.5)
  - LookinServer/Core (1.1.5)
  - Masonry (1.1.0)
  - pop (1.0.12)
  - ScreenRotator (0.1.0)
  - SVProgressHUD (2.2.5)

DEPENDENCIES:
  - FunnyButton
  - JPBasic/JPBrowseImages
  - JPBasic/JPCategory
  - JPBasic/JPConst
  - JPBasic/JPProgressHUD
  - JPCrop
  - JPImageresizerView (from `../`)
  - JPLiquidLayout
  - LookinServer
  - ScreenRotator

SPEC REPOS:
  https://github.com/CocoaPods/Specs.git:
    - FunnyButton
    - JPBasic
    - JPCrop
    - JPLiquidLayout
    - LookinServer
    - Masonry
    - pop
    - ScreenRotator
    - SVProgressHUD

EXTERNAL SOURCES:
  JPImageresizerView:
    :path: "../"

SPEC CHECKSUMS:
  FunnyButton: e8202ece176aaa5f7ead1e5c8eb0f29d28fc5ad4
  JPBasic: 5a0459823fd51d7a02aea924227e971a0d8778b3
  JPCrop: d260e4456ee0b281214642f6abd96b76b3e17971
  JPImageresizerView: 55df6aeaf218ffec7d57c0a0d02ca898d227b808
  JPLiquidLayout: 2d6cce593553db9f85cdc031c749ad6f8b8b8cfc
  LookinServer: 2893f2bae53cbf3fd49bbe1a8ea1745582ef1317
  Masonry: 678fab65091a9290e40e2832a55e7ab731aad201
  pop: d582054913807fd11fd50bfe6a539d91c7e1a55a
  ScreenRotator: 94d1496f0c3bc3ce87ca80705f2f9b10782628c0
  SVProgressHUD: 1428aafac632c1f86f62aa4243ec12008d7a51d6

PODFILE CHECKSUM: 245e9c09e475f7e519c86054f3dde2c539779764

COCOAPODS: 1.15.2
