PODS:
  - FunnyButton (0.1.2)
  - JPBasic/JPBrowseImages (0.1.8):
    - JPBasic/JPConst
  - JPBasic/JPCategory (0.1.8):
    - JPBasic/JPConst
    - Masonry
    - pop
  - JPBasic/JPConst (0.1.8)
  - JPBasic/JPProgressHUD (0.1.8):
    - SVProgressHUD
  - JPCrop (0.2.1)
  - JPImageresizerView (1.9.9)
  - JPLiquidLayout (0.1.1)
  - LookinServer (1.0.9):
    - LookinServer/Core (= 1.0.9)
  - LookinServer/Core (1.0.9)
  - Masonry (1.1.0)
  - pop (1.0.12)
  - SVProgressHUD (2.2.5)

DEPENDENCIES:
  - FunnyButton
  - JPBasic/JPBrowseImages
  - JPBasic/JPCategory
  - JPBasic/JPConst
  - JPBasic/JPProgressHUD
  - JPCrop
  - JPImageresizerView (from `../`)
  - JPLiquidLayout
  - LookinServer

SPEC REPOS:
  https://github.com/CocoaPods/Specs.git:
    - FunnyButton
    - JPBasic
    - JPCrop
    - JPLiquidLayout
    - LookinServer
    - Masonry
    - pop
    - SVProgressHUD

EXTERNAL SOURCES:
  JPImageresizerView:
    :path: "../"

SPEC CHECKSUMS:
  FunnyButton: 980633cee38018dff1bc4f12322ba4c7e353e3bf
  JPBasic: 5a0459823fd51d7a02aea924227e971a0d8778b3
  JPCrop: c88ab75620001721a8c67a8d0ea52e15d33bca16
  JPImageresizerView: 762cd3ea68450cb3985fa3a06cd55afd0527fa73
  JPLiquidLayout: 2d6cce593553db9f85cdc031c749ad6f8b8b8cfc
  LookinServer: 5d46766710ddac83ea072fa5a0351d1e74c0fd10
  Masonry: 678fab65091a9290e40e2832a55e7ab731aad201
  pop: d582054913807fd11fd50bfe6a539d91c7e1a55a
  SVProgressHUD: 1428aafac632c1f86f62aa4243ec12008d7a51d6

PODFILE CHECKSUM: 2c5fdd388ba9820096e78be3b7e087ccd7f9e500

COCOAPODS: 1.11.3
