// !$*UTF8*$!
{
	archiveVersion = 1;
	classes = {
	};
	objectVersion = 46;
	objects = {

/* Begin PBXBuildFile section */
		0002A5532CBBBBD40006C80F /* main.m in Sources */ = {isa = PBXBuildFile; fileRef = 6003F599195388D20070C39A /* main.m */; };
		0002A5802CBBC81D0006C80F /* SceneDelegate.m in Sources */ = {isa = PBXBuildFile; fileRef = 0002A57F2CBBC81D0006C80F /* SceneDelegate.m */; };
		0024C32D292F5AD7002513DA /* JPExample.swift in Sources */ = {isa = PBXBuildFile; fileRef = 0024C32C292F5AD7002513DA /* JPExample.swift */; };
		002E78B5295AA4740071E30C /* JPExample+Configure.swift in Sources */ = {isa = PBXBuildFile; fileRef = 002E78B4295AA4740071E30C /* JPExample+Configure.swift */; };
		002E78BF295ADDB40071E30C /* JPSolveTool.m in Sources */ = {isa = PBXBuildFile; fileRef = 002E78BE295ADDB40071E30C /* JPSolveTool.m */; };
		002E78C1295AE1960071E30C /* Date+.swift in Sources */ = {isa = PBXBuildFile; fileRef = 002E78C0295AE1960071E30C /* Date+.swift */; };
		00465FD62C2E66D100E2D9BF /* seeTheSea.mp4 in Resources */ = {isa = PBXBuildFile; fileRef = 00465FD52C2E66D100E2D9BF /* seeTheSea.mp4 */; };
		006A046C2B39273C009D8E82 /* bazhuawan_icon.png in Resources */ = {isa = PBXBuildFile; fileRef = 006A046B2B39273C009D8E82 /* bazhuawan_icon.png */; };
		006A046E2B39276F009D8E82 /* bazhuawan_error.png in Resources */ = {isa = PBXBuildFile; fileRef = 006A046D2B39276F009D8E82 /* bazhuawan_error.png */; };
		006A04702B39277B009D8E82 /* bazhuawan_empty.png in Resources */ = {isa = PBXBuildFile; fileRef = 006A046F2B39277B009D8E82 /* bazhuawan_empty.png */; };
		006A04862B395A71009D8E82 /* bazhuawan_8.png in Resources */ = {isa = PBXBuildFile; fileRef = 006A04722B395A71009D8E82 /* bazhuawan_8.png */; };
		006A04872B395A71009D8E82 /* bazhuawan_9.png in Resources */ = {isa = PBXBuildFile; fileRef = 006A04732B395A71009D8E82 /* bazhuawan_9.png */; };
		006A04882B395A71009D8E82 /* bazhuawan_14.png in Resources */ = {isa = PBXBuildFile; fileRef = 006A04742B395A71009D8E82 /* bazhuawan_14.png */; };
		006A04892B395A71009D8E82 /* bazhuawan_15.png in Resources */ = {isa = PBXBuildFile; fileRef = 006A04752B395A71009D8E82 /* bazhuawan_15.png */; };
		006A048A2B395A71009D8E82 /* bazhuawan_17.png in Resources */ = {isa = PBXBuildFile; fileRef = 006A04762B395A71009D8E82 /* bazhuawan_17.png */; };
		006A048B2B395A71009D8E82 /* bazhuawan_16.png in Resources */ = {isa = PBXBuildFile; fileRef = 006A04772B395A71009D8E82 /* bazhuawan_16.png */; };
		006A048C2B395A71009D8E82 /* bazhuawan_12.png in Resources */ = {isa = PBXBuildFile; fileRef = 006A04782B395A71009D8E82 /* bazhuawan_12.png */; };
		006A048D2B395A71009D8E82 /* bazhuawan_13.png in Resources */ = {isa = PBXBuildFile; fileRef = 006A04792B395A71009D8E82 /* bazhuawan_13.png */; };
		006A048E2B395A71009D8E82 /* bazhuawan_11.png in Resources */ = {isa = PBXBuildFile; fileRef = 006A047A2B395A71009D8E82 /* bazhuawan_11.png */; };
		006A048F2B395A71009D8E82 /* bazhuawan_10.png in Resources */ = {isa = PBXBuildFile; fileRef = 006A047B2B395A71009D8E82 /* bazhuawan_10.png */; };
		006A04902B395A71009D8E82 /* bazhuawan_20.png in Resources */ = {isa = PBXBuildFile; fileRef = 006A047C2B395A71009D8E82 /* bazhuawan_20.png */; };
		006A04912B395A71009D8E82 /* bazhuawan_18.png in Resources */ = {isa = PBXBuildFile; fileRef = 006A047D2B395A71009D8E82 /* bazhuawan_18.png */; };
		006A04922B395A71009D8E82 /* bazhuawan_19.png in Resources */ = {isa = PBXBuildFile; fileRef = 006A047E2B395A71009D8E82 /* bazhuawan_19.png */; };
		006A04932B395A71009D8E82 /* bazhuawan_4.png in Resources */ = {isa = PBXBuildFile; fileRef = 006A047F2B395A71009D8E82 /* bazhuawan_4.png */; };
		006A04942B395A71009D8E82 /* bazhuawan_5.png in Resources */ = {isa = PBXBuildFile; fileRef = 006A04802B395A71009D8E82 /* bazhuawan_5.png */; };
		006A04952B395A71009D8E82 /* bazhuawan_7.png in Resources */ = {isa = PBXBuildFile; fileRef = 006A04812B395A71009D8E82 /* bazhuawan_7.png */; };
		006A04962B395A71009D8E82 /* bazhuawan_6.png in Resources */ = {isa = PBXBuildFile; fileRef = 006A04822B395A71009D8E82 /* bazhuawan_6.png */; };
		006A04972B395A71009D8E82 /* bazhuawan_2.png in Resources */ = {isa = PBXBuildFile; fileRef = 006A04832B395A71009D8E82 /* bazhuawan_2.png */; };
		006A04982B395A71009D8E82 /* bazhuawan_3.png in Resources */ = {isa = PBXBuildFile; fileRef = 006A04842B395A71009D8E82 /* bazhuawan_3.png */; };
		006A04992B395A71009D8E82 /* bazhuawan_1.png in Resources */ = {isa = PBXBuildFile; fileRef = 006A04852B395A71009D8E82 /* bazhuawan_1.png */; };
		006A9E282A77CD1200AD86BA /* UIAlertController+.swift in Sources */ = {isa = PBXBuildFile; fileRef = 006A9E272A77CD1200AD86BA /* UIAlertController+.swift */; };
		006A9E2A2A77CD4700AD86BA /* View+.swift in Sources */ = {isa = PBXBuildFile; fileRef = 006A9E292A77CD4700AD86BA /* View+.swift */; };
		006A9E2C2A77DB9C00AD86BA /* UIAlertController+JPImageresizer.swift in Sources */ = {isa = PBXBuildFile; fileRef = 006A9E2B2A77DB9C00AD86BA /* UIAlertController+JPImageresizer.swift */; };
		00746A8C2B620AA600F0E9A8 /* JPColorMeasurementViewController.swift in Sources */ = {isa = PBXBuildFile; fileRef = 00746A8B2B620AA600F0E9A8 /* JPColorMeasurementViewController.swift */; };
		00796CC22B626D1E001F9C51 /* transparentBG.png in Resources */ = {isa = PBXBuildFile; fileRef = 00796CC12B626D1E001F9C51 /* transparentBG.png */; };
		00796CC42B62795E001F9C51 /* colorpicker.png in Resources */ = {isa = PBXBuildFile; fileRef = 00796CC32B62795E001F9C51 /* colorpicker.png */; };
		008BEF8729594ACE00C5A82C /* UIViewController+.swift in Sources */ = {isa = PBXBuildFile; fileRef = 008BEF8629594ACE00C5A82C /* UIViewController+.swift */; };
		008BEF8D29599D7D00C5A82C /* UIImage+.swift in Sources */ = {isa = PBXBuildFile; fileRef = 008BEF8C29599D7D00C5A82C /* UIImage+.swift */; };
		008BEF8F2959B0E500C5A82C /* JPExample+FixOrientation.swift in Sources */ = {isa = PBXBuildFile; fileRef = 008BEF8E2959B0E500C5A82C /* JPExample+FixOrientation.swift */; };
		00A201DD2947349C00692814 /* JPExample+ViewController.swift in Sources */ = {isa = PBXBuildFile; fileRef = 00A201DC2947349C00692814 /* JPExample+ViewController.swift */; };
		00B3FAF52968227E00F48389 /* ImagePickerObject.swift in Sources */ = {isa = PBXBuildFile; fileRef = 00B3FAF22968227E00F48389 /* ImagePickerObject.swift */; };
		00B3FAF62968227E00F48389 /* ImagePicker.swift in Sources */ = {isa = PBXBuildFile; fileRef = 00B3FAF32968227E00F48389 /* ImagePicker.swift */; };
		00B3FAF72968227E00F48389 /* ImagePicker.API.swift in Sources */ = {isa = PBXBuildFile; fileRef = 00B3FAF42968227E00F48389 /* ImagePicker.API.swift */; };
		00B3FAF92968306A00F48389 /* Error+.swift in Sources */ = {isa = PBXBuildFile; fileRef = 00B3FAF82968306A00F48389 /* Error+.swift */; };
		00E5D9D3296EB82E006A6FDD /* JPExample+Execute.swift in Sources */ = {isa = PBXBuildFile; fileRef = 00E5D9D2296EB82E006A6FDD /* JPExample+Execute.swift */; };
		1A0AB2FF22B22B0F00B6B6AB /* JPPhotoViewModel.m in Sources */ = {isa = PBXBuildFile; fileRef = 1A0AB2E022B22B0F00B6B6AB /* JPPhotoViewModel.m */; };
		1A0AB30022B22B0F00B6B6AB /* JPAlbumViewModel.m in Sources */ = {isa = PBXBuildFile; fileRef = 1A0AB2E122B22B0F00B6B6AB /* JPAlbumViewModel.m */; };
		1A0AB30422B22B0F00B6B6AB /* WMPageController.m in Sources */ = {isa = PBXBuildFile; fileRef = 1A0AB2EB22B22B0F00B6B6AB /* WMPageController.m */; };
		1A0AB30522B22B0F00B6B6AB /* UIViewController+WMPageController.m in Sources */ = {isa = PBXBuildFile; fileRef = 1A0AB2EC22B22B0F00B6B6AB /* UIViewController+WMPageController.m */; };
		1A0AB30622B22B0F00B6B6AB /* WMScrollView.m in Sources */ = {isa = PBXBuildFile; fileRef = 1A0AB2EE22B22B0F00B6B6AB /* WMScrollView.m */; };
		1A0AB30722B22B0F00B6B6AB /* JPPhotoCollectionViewController.m in Sources */ = {isa = PBXBuildFile; fileRef = 1A0AB2F122B22B0F00B6B6AB /* JPPhotoCollectionViewController.m */; };
		1A0AB30822B22B0F00B6B6AB /* JPPhotoViewController.m in Sources */ = {isa = PBXBuildFile; fileRef = 1A0AB2F422B22B0F00B6B6AB /* JPPhotoViewController.m */; };
		1A0AB30A22B22B0F00B6B6AB /* JPPhotoCell.m in Sources */ = {isa = PBXBuildFile; fileRef = 1A0AB2F822B22B0F00B6B6AB /* JPPhotoCell.m */; };
		1A0AB30B22B22B0F00B6B6AB /* JPPhotoTool.m in Sources */ = {isa = PBXBuildFile; fileRef = 1A0AB2FE22B22B0F00B6B6AB /* JPPhotoTool.m */; };
		1A0AB35922B247DB00B6B6AB /* JPCategoryTitleViewModel.m in Sources */ = {isa = PBXBuildFile; fileRef = 1A0AB35322B247DB00B6B6AB /* JPCategoryTitleViewModel.m */; };
		1A0AB35A22B247DB00B6B6AB /* JPCategoryTitleCell.m in Sources */ = {isa = PBXBuildFile; fileRef = 1A0AB35622B247DB00B6B6AB /* JPCategoryTitleCell.m */; };
		1A0AB35B22B247DB00B6B6AB /* JPCategoryTitleView.m in Sources */ = {isa = PBXBuildFile; fileRef = 1A0AB35822B247DB00B6B6AB /* JPCategoryTitleView.m */; };
		1A0AB35E22B25B7300B6B6AB /* NoDataView.m in Sources */ = {isa = PBXBuildFile; fileRef = 1A0AB35C22B25B7300B6B6AB /* NoDataView.m */; };
		1A0AB36122B2760200B6B6AB /* JPPhotoCollectionViewFlowLayout.m in Sources */ = {isa = PBXBuildFile; fileRef = 1A0AB35F22B2760100B6B6AB /* JPPhotoCollectionViewFlowLayout.m */; };
		1A4406AF1FFBC0AB009345D5 /* JPPreviewViewController.m in Sources */ = {isa = PBXBuildFile; fileRef = 1A4406AE1FFBC0AB009345D5 /* JPPreviewViewController.m */; };
		1A54DA75254583790053F75F /* JPExportCancelView.m in Sources */ = {isa = PBXBuildFile; fileRef = 1A54DA74254583790053F75F /* JPExportCancelView.m */; };
		1A54DA90254589A60053F75F /* Kobe.jpg in Resources */ = {isa = PBXBuildFile; fileRef = 1A54DA7A254589A60053F75F /* Kobe.jpg */; };
		1A54DA91254589A60053F75F /* flowers.jpg in Resources */ = {isa = PBXBuildFile; fileRef = 1A54DA7B254589A60053F75F /* flowers.jpg */; };
		1A54DA92254589A60053F75F /* DanielWuFace.png in Resources */ = {isa = PBXBuildFile; fileRef = 1A54DA7C254589A60053F75F /* DanielWuFace.png */; };
		1A54DA93254589A60053F75F /* DanielWu.jpg in Resources */ = {isa = PBXBuildFile; fileRef = 1A54DA7D254589A60053F75F /* DanielWu.jpg */; };
		1A54DA94254589A60053F75F /* Girl8.jpg in Resources */ = {isa = PBXBuildFile; fileRef = 1A54DA7E254589A60053F75F /* Girl8.jpg */; };
		1A54DA95254589A60053F75F /* Girl4.jpg in Resources */ = {isa = PBXBuildFile; fileRef = 1A54DA7F254589A60053F75F /* Girl4.jpg */; };
		1A54DA96254589A60053F75F /* Girl5.jpg in Resources */ = {isa = PBXBuildFile; fileRef = 1A54DA80254589A60053F75F /* Girl5.jpg */; };
		1A54DA97254589A60053F75F /* supreme.png in Resources */ = {isa = PBXBuildFile; fileRef = 1A54DA81254589A60053F75F /* supreme.png */; };
		1A54DA98254589A60053F75F /* Girl7.jpg in Resources */ = {isa = PBXBuildFile; fileRef = 1A54DA82254589A60053F75F /* Girl7.jpg */; };
		1A54DA99254589A60053F75F /* Girl6.jpg in Resources */ = {isa = PBXBuildFile; fileRef = 1A54DA83254589A60053F75F /* Girl6.jpg */; };
		1A54DA9A254589A60053F75F /* Girl2.jpg in Resources */ = {isa = PBXBuildFile; fileRef = 1A54DA84254589A60053F75F /* Girl2.jpg */; };
		1A54DA9B254589A60053F75F /* Girl3.jpg in Resources */ = {isa = PBXBuildFile; fileRef = 1A54DA85254589A60053F75F /* Girl3.jpg */; };
		1A54DA9C254589A60053F75F /* Girl1.jpg in Resources */ = {isa = PBXBuildFile; fileRef = 1A54DA86254589A60053F75F /* Girl1.jpg */; };
		1A54DA9D254589A60053F75F /* love.png in Resources */ = {isa = PBXBuildFile; fileRef = 1A54DA87254589A60053F75F /* love.png */; };
		1A54DA9E254589A60053F75F /* Gem.gif in Resources */ = {isa = PBXBuildFile; fileRef = 1A54DA89254589A60053F75F /* Gem.gif */; };
		1A54DA9F254589A60053F75F /* Dilraba.gif in Resources */ = {isa = PBXBuildFile; fileRef = 1A54DA8A254589A60053F75F /* Dilraba.gif */; };
		1A54DAA0254589A60053F75F /* yaorenmao.mov in Resources */ = {isa = PBXBuildFile; fileRef = 1A54DA8C254589A60053F75F /* yaorenmao.mov */; };
		1A54DAA1254589A60053F75F /* shapeList.plist in Resources */ = {isa = PBXBuildFile; fileRef = 1A54DA8E254589A60053F75F /* shapeList.plist */; };
		1A54DAA2254589A60053F75F /* shape.ttf in Resources */ = {isa = PBXBuildFile; fileRef = 1A54DA8F254589A60053F75F /* shape.ttf */; };
		1A601A3A1FEBB523004B39A1 /* README_EN.md in Resources */ = {isa = PBXBuildFile; fileRef = 1A601A381FEBB523004B39A1 /* README_EN.md */; };
		1A601A3B1FEBB523004B39A1 /* LICENSE in Resources */ = {isa = PBXBuildFile; fileRef = 1A601A391FEBB523004B39A1 /* LICENSE */; };
		1A60C768241E3BA0000E1692 /* README.md in Resources */ = {isa = PBXBuildFile; fileRef = 1A60C767241E3BA0000E1692 /* README.md */; };
		1A658769262AEE0C00846689 /* JPCropViewController.swift in Sources */ = {isa = PBXBuildFile; fileRef = 1A658768262AEE0C00846689 /* JPCropViewController.swift */; };
		1A7394EA249DD9210024D2B6 /* ReplaceFaceViewController.m in Sources */ = {isa = PBXBuildFile; fileRef = 1A7394E9249DD9210024D2B6 /* ReplaceFaceViewController.m */; };
		1A9CBE9B267A2A3500E4D0C6 /* JPDynamicPage.m in Sources */ = {isa = PBXBuildFile; fileRef = 1A9CBE9A267A2A3400E4D0C6 /* JPDynamicPage.m */; };
		1AA468C6249A0CFE0081452F /* DanielWuViewController.m in Sources */ = {isa = PBXBuildFile; fileRef = 1AA468C3249A0CFE0081452F /* DanielWuViewController.m */; };
		1AA468C7249A0CFE0081452F /* FaceView.m in Sources */ = {isa = PBXBuildFile; fileRef = 1AA468C4249A0CFE0081452F /* FaceView.m */; };
		1AA468CD249A0D9B0081452F /* ShapeMergeCell.m in Sources */ = {isa = PBXBuildFile; fileRef = 1AA468CB249A0D9B0081452F /* ShapeMergeCell.m */; };
		1AA468D2249A0DC60081452F /* JPAttachmentFlowLayout.m in Sources */ = {isa = PBXBuildFile; fileRef = 1AA468D0249A0DC60081452F /* JPAttachmentFlowLayout.m */; };
		1AA468D6249A0E240081452F /* ShapeListViewController.m in Sources */ = {isa = PBXBuildFile; fileRef = 1AA468D5249A0E240081452F /* ShapeListViewController.m */; };
		21BDBEA482917FC9EB2A4274 /* Pods_JPImageresizerView_Example.framework in Frameworks */ = {isa = PBXBuildFile; fileRef = 9DE78341388E24FD10242AEE /* Pods_JPImageresizerView_Example.framework */; };
		6003F58E195388D20070C39A /* Foundation.framework in Frameworks */ = {isa = PBXBuildFile; fileRef = 6003F58D195388D20070C39A /* Foundation.framework */; };
		6003F590195388D20070C39A /* CoreGraphics.framework in Frameworks */ = {isa = PBXBuildFile; fileRef = 6003F58F195388D20070C39A /* CoreGraphics.framework */; };
		6003F592195388D20070C39A /* UIKit.framework in Frameworks */ = {isa = PBXBuildFile; fileRef = 6003F591195388D20070C39A /* UIKit.framework */; };
		6003F598195388D20070C39A /* InfoPlist.strings in Resources */ = {isa = PBXBuildFile; fileRef = 6003F596195388D20070C39A /* InfoPlist.strings */; };
		6003F59E195388D20070C39A /* JPAppDelegate.m in Sources */ = {isa = PBXBuildFile; fileRef = 6003F59D195388D20070C39A /* JPAppDelegate.m */; };
		6003F5A7195388D20070C39A /* JPImageresizerViewController.m in Sources */ = {isa = PBXBuildFile; fileRef = 6003F5A6195388D20070C39A /* JPImageresizerViewController.m */; };
		6003F5A9195388D20070C39A /* Images.xcassets in Resources */ = {isa = PBXBuildFile; fileRef = 6003F5A8195388D20070C39A /* Images.xcassets */; };
		71719F9F1E33DC2100824A3D /* LaunchScreen.storyboard in Resources */ = {isa = PBXBuildFile; fileRef = 71719F9D1E33DC2100824A3D /* LaunchScreen.storyboard */; };
		718FEDEA2869C1D800686129 /* CropView.swift in Sources */ = {isa = PBXBuildFile; fileRef = 718FEDE92869C1D800686129 /* CropView.swift */; };
		718FEDEE2869C6EF00686129 /* Modifier.swift in Sources */ = {isa = PBXBuildFile; fileRef = 718FEDED2869C6EF00686129 /* Modifier.swift */; };
		718FEE2D286AEC0300686129 /* OneDaySize.swift in Sources */ = {isa = PBXBuildFile; fileRef = 718FEE2C286AEC0300686129 /* OneDaySize.swift */; };
		718FEE2F286AEE3C00686129 /* OneDayView.swift in Sources */ = {isa = PBXBuildFile; fileRef = 718FEE2E286AEE3C00686129 /* OneDayView.swift */; };
		718FEE32286B38BA00686129 /* ImageCroperView.swift in Sources */ = {isa = PBXBuildFile; fileRef = 718FEE30286B38BA00686129 /* ImageCroperView.swift */; };
		718FEE33286B38BA00686129 /* ImagePickerView.swift in Sources */ = {isa = PBXBuildFile; fileRef = 718FEE31286B38BA00686129 /* ImagePickerView.swift */; };
		71979C1D286F0670003AC1FF /* OneDayPreferenceKey.swift in Sources */ = {isa = PBXBuildFile; fileRef = 71979C1C286F0670003AC1FF /* OneDayPreferenceKey.swift */; };
		873B8AEB1B1F5CCA007FD442 /* Main.storyboard in Resources */ = {isa = PBXBuildFile; fileRef = 873B8AEA1B1F5CCA007FD442 /* Main.storyboard */; };
/* End PBXBuildFile section */

/* Begin PBXCopyFilesBuildPhase section */
		1A9ED46B22DDA1C200159F91 /* Embed Frameworks */ = {
			isa = PBXCopyFilesBuildPhase;
			buildActionMask = 2147483647;
			dstPath = "";
			dstSubfolderSpec = 10;
			files = (
			);
			name = "Embed Frameworks";
			runOnlyForDeploymentPostprocessing = 0;
		};
/* End PBXCopyFilesBuildPhase section */

/* Begin PBXFileReference section */
		0002A57E2CBBC81D0006C80F /* SceneDelegate.h */ = {isa = PBXFileReference; lastKnownFileType = sourcecode.c.h; path = SceneDelegate.h; sourceTree = "<group>"; };
		0002A57F2CBBC81D0006C80F /* SceneDelegate.m */ = {isa = PBXFileReference; lastKnownFileType = sourcecode.c.objc; path = SceneDelegate.m; sourceTree = "<group>"; };
		0024C32C292F5AD7002513DA /* JPExample.swift */ = {isa = PBXFileReference; lastKnownFileType = sourcecode.swift; path = JPExample.swift; sourceTree = "<group>"; };
		002E78B4295AA4740071E30C /* JPExample+Configure.swift */ = {isa = PBXFileReference; lastKnownFileType = sourcecode.swift; path = "JPExample+Configure.swift"; sourceTree = "<group>"; };
		002E78BD295ADDB40071E30C /* JPSolveTool.h */ = {isa = PBXFileReference; fileEncoding = 4; lastKnownFileType = sourcecode.c.h; path = JPSolveTool.h; sourceTree = "<group>"; };
		002E78BE295ADDB40071E30C /* JPSolveTool.m */ = {isa = PBXFileReference; fileEncoding = 4; lastKnownFileType = sourcecode.c.objc; path = JPSolveTool.m; sourceTree = "<group>"; };
		002E78C0295AE1960071E30C /* Date+.swift */ = {isa = PBXFileReference; lastKnownFileType = sourcecode.swift; path = "Date+.swift"; sourceTree = "<group>"; };
		00465FD52C2E66D100E2D9BF /* seeTheSea.mp4 */ = {isa = PBXFileReference; lastKnownFileType = file; path = seeTheSea.mp4; sourceTree = "<group>"; };
		006A046B2B39273C009D8E82 /* bazhuawan_icon.png */ = {isa = PBXFileReference; lastKnownFileType = image.png; path = bazhuawan_icon.png; sourceTree = "<group>"; };
		006A046D2B39276F009D8E82 /* bazhuawan_error.png */ = {isa = PBXFileReference; lastKnownFileType = image.png; path = bazhuawan_error.png; sourceTree = "<group>"; };
		006A046F2B39277B009D8E82 /* bazhuawan_empty.png */ = {isa = PBXFileReference; lastKnownFileType = image.png; path = bazhuawan_empty.png; sourceTree = "<group>"; };
		006A04722B395A71009D8E82 /* bazhuawan_8.png */ = {isa = PBXFileReference; lastKnownFileType = image.png; path = bazhuawan_8.png; sourceTree = "<group>"; };
		006A04732B395A71009D8E82 /* bazhuawan_9.png */ = {isa = PBXFileReference; lastKnownFileType = image.png; path = bazhuawan_9.png; sourceTree = "<group>"; };
		006A04742B395A71009D8E82 /* bazhuawan_14.png */ = {isa = PBXFileReference; lastKnownFileType = image.png; path = bazhuawan_14.png; sourceTree = "<group>"; };
		006A04752B395A71009D8E82 /* bazhuawan_15.png */ = {isa = PBXFileReference; lastKnownFileType = image.png; path = bazhuawan_15.png; sourceTree = "<group>"; };
		006A04762B395A71009D8E82 /* bazhuawan_17.png */ = {isa = PBXFileReference; lastKnownFileType = image.png; path = bazhuawan_17.png; sourceTree = "<group>"; };
		006A04772B395A71009D8E82 /* bazhuawan_16.png */ = {isa = PBXFileReference; lastKnownFileType = image.png; path = bazhuawan_16.png; sourceTree = "<group>"; };
		006A04782B395A71009D8E82 /* bazhuawan_12.png */ = {isa = PBXFileReference; lastKnownFileType = image.png; path = bazhuawan_12.png; sourceTree = "<group>"; };
		006A04792B395A71009D8E82 /* bazhuawan_13.png */ = {isa = PBXFileReference; lastKnownFileType = image.png; path = bazhuawan_13.png; sourceTree = "<group>"; };
		006A047A2B395A71009D8E82 /* bazhuawan_11.png */ = {isa = PBXFileReference; lastKnownFileType = image.png; path = bazhuawan_11.png; sourceTree = "<group>"; };
		006A047B2B395A71009D8E82 /* bazhuawan_10.png */ = {isa = PBXFileReference; lastKnownFileType = image.png; path = bazhuawan_10.png; sourceTree = "<group>"; };
		006A047C2B395A71009D8E82 /* bazhuawan_20.png */ = {isa = PBXFileReference; lastKnownFileType = image.png; path = bazhuawan_20.png; sourceTree = "<group>"; };
		006A047D2B395A71009D8E82 /* bazhuawan_18.png */ = {isa = PBXFileReference; lastKnownFileType = image.png; path = bazhuawan_18.png; sourceTree = "<group>"; };
		006A047E2B395A71009D8E82 /* bazhuawan_19.png */ = {isa = PBXFileReference; lastKnownFileType = image.png; path = bazhuawan_19.png; sourceTree = "<group>"; };
		006A047F2B395A71009D8E82 /* bazhuawan_4.png */ = {isa = PBXFileReference; lastKnownFileType = image.png; path = bazhuawan_4.png; sourceTree = "<group>"; };
		006A04802B395A71009D8E82 /* bazhuawan_5.png */ = {isa = PBXFileReference; lastKnownFileType = image.png; path = bazhuawan_5.png; sourceTree = "<group>"; };
		006A04812B395A71009D8E82 /* bazhuawan_7.png */ = {isa = PBXFileReference; lastKnownFileType = image.png; path = bazhuawan_7.png; sourceTree = "<group>"; };
		006A04822B395A71009D8E82 /* bazhuawan_6.png */ = {isa = PBXFileReference; lastKnownFileType = image.png; path = bazhuawan_6.png; sourceTree = "<group>"; };
		006A04832B395A71009D8E82 /* bazhuawan_2.png */ = {isa = PBXFileReference; lastKnownFileType = image.png; path = bazhuawan_2.png; sourceTree = "<group>"; };
		006A04842B395A71009D8E82 /* bazhuawan_3.png */ = {isa = PBXFileReference; lastKnownFileType = image.png; path = bazhuawan_3.png; sourceTree = "<group>"; };
		006A04852B395A71009D8E82 /* bazhuawan_1.png */ = {isa = PBXFileReference; lastKnownFileType = image.png; path = bazhuawan_1.png; sourceTree = "<group>"; };
		006A9E272A77CD1200AD86BA /* UIAlertController+.swift */ = {isa = PBXFileReference; fileEncoding = 4; lastKnownFileType = sourcecode.swift; path = "UIAlertController+.swift"; sourceTree = "<group>"; };
		006A9E292A77CD4700AD86BA /* View+.swift */ = {isa = PBXFileReference; fileEncoding = 4; lastKnownFileType = sourcecode.swift; path = "View+.swift"; sourceTree = "<group>"; };
		006A9E2B2A77DB9C00AD86BA /* UIAlertController+JPImageresizer.swift */ = {isa = PBXFileReference; lastKnownFileType = sourcecode.swift; path = "UIAlertController+JPImageresizer.swift"; sourceTree = "<group>"; };
		00746A8B2B620AA600F0E9A8 /* JPColorMeasurementViewController.swift */ = {isa = PBXFileReference; lastKnownFileType = sourcecode.swift; path = JPColorMeasurementViewController.swift; sourceTree = "<group>"; };
		00796CC12B626D1E001F9C51 /* transparentBG.png */ = {isa = PBXFileReference; lastKnownFileType = image.png; path = transparentBG.png; sourceTree = "<group>"; };
		00796CC32B62795E001F9C51 /* colorpicker.png */ = {isa = PBXFileReference; lastKnownFileType = image.png; path = colorpicker.png; sourceTree = "<group>"; };
		008BEF8629594ACE00C5A82C /* UIViewController+.swift */ = {isa = PBXFileReference; lastKnownFileType = sourcecode.swift; path = "UIViewController+.swift"; sourceTree = "<group>"; };
		008BEF8C29599D7D00C5A82C /* UIImage+.swift */ = {isa = PBXFileReference; lastKnownFileType = sourcecode.swift; path = "UIImage+.swift"; sourceTree = "<group>"; };
		008BEF8E2959B0E500C5A82C /* JPExample+FixOrientation.swift */ = {isa = PBXFileReference; lastKnownFileType = sourcecode.swift; path = "JPExample+FixOrientation.swift"; sourceTree = "<group>"; };
		00A201DC2947349C00692814 /* JPExample+ViewController.swift */ = {isa = PBXFileReference; lastKnownFileType = sourcecode.swift; path = "JPExample+ViewController.swift"; sourceTree = "<group>"; };
		00B3FAF22968227E00F48389 /* ImagePickerObject.swift */ = {isa = PBXFileReference; fileEncoding = 4; lastKnownFileType = sourcecode.swift; path = ImagePickerObject.swift; sourceTree = "<group>"; };
		00B3FAF32968227E00F48389 /* ImagePicker.swift */ = {isa = PBXFileReference; fileEncoding = 4; lastKnownFileType = sourcecode.swift; path = ImagePicker.swift; sourceTree = "<group>"; };
		00B3FAF42968227E00F48389 /* ImagePicker.API.swift */ = {isa = PBXFileReference; fileEncoding = 4; lastKnownFileType = sourcecode.swift; path = ImagePicker.API.swift; sourceTree = "<group>"; };
		00B3FAF82968306A00F48389 /* Error+.swift */ = {isa = PBXFileReference; lastKnownFileType = sourcecode.swift; path = "Error+.swift"; sourceTree = "<group>"; };
		00E5D9D2296EB82E006A6FDD /* JPExample+Execute.swift */ = {isa = PBXFileReference; lastKnownFileType = sourcecode.swift; path = "JPExample+Execute.swift"; sourceTree = "<group>"; };
		1A0AB2DE22B22B0F00B6B6AB /* JPAlbumViewModel.h */ = {isa = PBXFileReference; fileEncoding = 4; lastKnownFileType = sourcecode.c.h; path = JPAlbumViewModel.h; sourceTree = "<group>"; };
		1A0AB2DF22B22B0F00B6B6AB /* JPPhotoViewModel.h */ = {isa = PBXFileReference; fileEncoding = 4; lastKnownFileType = sourcecode.c.h; path = JPPhotoViewModel.h; sourceTree = "<group>"; };
		1A0AB2E022B22B0F00B6B6AB /* JPPhotoViewModel.m */ = {isa = PBXFileReference; fileEncoding = 4; lastKnownFileType = sourcecode.c.objc; path = JPPhotoViewModel.m; sourceTree = "<group>"; };
		1A0AB2E122B22B0F00B6B6AB /* JPAlbumViewModel.m */ = {isa = PBXFileReference; fileEncoding = 4; lastKnownFileType = sourcecode.c.objc; path = JPAlbumViewModel.m; sourceTree = "<group>"; };
		1A0AB2EA22B22B0F00B6B6AB /* WMScrollView.h */ = {isa = PBXFileReference; fileEncoding = 4; lastKnownFileType = sourcecode.c.h; path = WMScrollView.h; sourceTree = "<group>"; };
		1A0AB2EB22B22B0F00B6B6AB /* WMPageController.m */ = {isa = PBXFileReference; fileEncoding = 4; lastKnownFileType = sourcecode.c.objc; path = WMPageController.m; sourceTree = "<group>"; };
		1A0AB2EC22B22B0F00B6B6AB /* UIViewController+WMPageController.m */ = {isa = PBXFileReference; fileEncoding = 4; lastKnownFileType = sourcecode.c.objc; path = "UIViewController+WMPageController.m"; sourceTree = "<group>"; };
		1A0AB2ED22B22B0F00B6B6AB /* WMPageController.h */ = {isa = PBXFileReference; fileEncoding = 4; lastKnownFileType = sourcecode.c.h; path = WMPageController.h; sourceTree = "<group>"; };
		1A0AB2EE22B22B0F00B6B6AB /* WMScrollView.m */ = {isa = PBXFileReference; fileEncoding = 4; lastKnownFileType = sourcecode.c.objc; path = WMScrollView.m; sourceTree = "<group>"; };
		1A0AB2EF22B22B0F00B6B6AB /* UIViewController+WMPageController.h */ = {isa = PBXFileReference; fileEncoding = 4; lastKnownFileType = sourcecode.c.h; path = "UIViewController+WMPageController.h"; sourceTree = "<group>"; };
		1A0AB2F122B22B0F00B6B6AB /* JPPhotoCollectionViewController.m */ = {isa = PBXFileReference; fileEncoding = 4; lastKnownFileType = sourcecode.c.objc; path = JPPhotoCollectionViewController.m; sourceTree = "<group>"; };
		1A0AB2F222B22B0F00B6B6AB /* JPPhotoViewController.h */ = {isa = PBXFileReference; fileEncoding = 4; lastKnownFileType = sourcecode.c.h; path = JPPhotoViewController.h; sourceTree = "<group>"; };
		1A0AB2F322B22B0F00B6B6AB /* JPPhotoCollectionViewController.h */ = {isa = PBXFileReference; fileEncoding = 4; lastKnownFileType = sourcecode.c.h; path = JPPhotoCollectionViewController.h; sourceTree = "<group>"; };
		1A0AB2F422B22B0F00B6B6AB /* JPPhotoViewController.m */ = {isa = PBXFileReference; fileEncoding = 4; lastKnownFileType = sourcecode.c.objc; path = JPPhotoViewController.m; sourceTree = "<group>"; };
		1A0AB2F822B22B0F00B6B6AB /* JPPhotoCell.m */ = {isa = PBXFileReference; fileEncoding = 4; lastKnownFileType = sourcecode.c.objc; path = JPPhotoCell.m; sourceTree = "<group>"; };
		1A0AB2FA22B22B0F00B6B6AB /* JPPictureChooseCellProtocol.h */ = {isa = PBXFileReference; fileEncoding = 4; lastKnownFileType = sourcecode.c.h; path = JPPictureChooseCellProtocol.h; sourceTree = "<group>"; };
		1A0AB2FB22B22B0F00B6B6AB /* JPPhotoCell.h */ = {isa = PBXFileReference; fileEncoding = 4; lastKnownFileType = sourcecode.c.h; path = JPPhotoCell.h; sourceTree = "<group>"; };
		1A0AB2FD22B22B0F00B6B6AB /* JPPhotoTool.h */ = {isa = PBXFileReference; fileEncoding = 4; lastKnownFileType = sourcecode.c.h; path = JPPhotoTool.h; sourceTree = "<group>"; };
		1A0AB2FE22B22B0F00B6B6AB /* JPPhotoTool.m */ = {isa = PBXFileReference; fileEncoding = 4; lastKnownFileType = sourcecode.c.objc; path = JPPhotoTool.m; sourceTree = "<group>"; };
		1A0AB35322B247DB00B6B6AB /* JPCategoryTitleViewModel.m */ = {isa = PBXFileReference; fileEncoding = 4; lastKnownFileType = sourcecode.c.objc; path = JPCategoryTitleViewModel.m; sourceTree = "<group>"; };
		1A0AB35422B247DB00B6B6AB /* JPCategoryTitleCell.h */ = {isa = PBXFileReference; fileEncoding = 4; lastKnownFileType = sourcecode.c.h; path = JPCategoryTitleCell.h; sourceTree = "<group>"; };
		1A0AB35522B247DB00B6B6AB /* JPCategoryTitleView.h */ = {isa = PBXFileReference; fileEncoding = 4; lastKnownFileType = sourcecode.c.h; path = JPCategoryTitleView.h; sourceTree = "<group>"; };
		1A0AB35622B247DB00B6B6AB /* JPCategoryTitleCell.m */ = {isa = PBXFileReference; fileEncoding = 4; lastKnownFileType = sourcecode.c.objc; path = JPCategoryTitleCell.m; sourceTree = "<group>"; };
		1A0AB35722B247DB00B6B6AB /* JPCategoryTitleViewModel.h */ = {isa = PBXFileReference; fileEncoding = 4; lastKnownFileType = sourcecode.c.h; path = JPCategoryTitleViewModel.h; sourceTree = "<group>"; };
		1A0AB35822B247DB00B6B6AB /* JPCategoryTitleView.m */ = {isa = PBXFileReference; fileEncoding = 4; lastKnownFileType = sourcecode.c.objc; path = JPCategoryTitleView.m; sourceTree = "<group>"; };
		1A0AB35C22B25B7300B6B6AB /* NoDataView.m */ = {isa = PBXFileReference; fileEncoding = 4; lastKnownFileType = sourcecode.c.objc; path = NoDataView.m; sourceTree = "<group>"; };
		1A0AB35D22B25B7300B6B6AB /* NoDataView.h */ = {isa = PBXFileReference; fileEncoding = 4; lastKnownFileType = sourcecode.c.h; path = NoDataView.h; sourceTree = "<group>"; };
		1A0AB35F22B2760100B6B6AB /* JPPhotoCollectionViewFlowLayout.m */ = {isa = PBXFileReference; fileEncoding = 4; lastKnownFileType = sourcecode.c.objc; path = JPPhotoCollectionViewFlowLayout.m; sourceTree = "<group>"; };
		1A0AB36022B2760200B6B6AB /* JPPhotoCollectionViewFlowLayout.h */ = {isa = PBXFileReference; fileEncoding = 4; lastKnownFileType = sourcecode.c.h; path = JPPhotoCollectionViewFlowLayout.h; sourceTree = "<group>"; };
		1A4406AD1FFBC0AB009345D5 /* JPPreviewViewController.h */ = {isa = PBXFileReference; lastKnownFileType = sourcecode.c.h; path = JPPreviewViewController.h; sourceTree = "<group>"; };
		1A4406AE1FFBC0AB009345D5 /* JPPreviewViewController.m */ = {isa = PBXFileReference; lastKnownFileType = sourcecode.c.objc; path = JPPreviewViewController.m; sourceTree = "<group>"; };
		1A54DA73254583790053F75F /* JPExportCancelView.h */ = {isa = PBXFileReference; fileEncoding = 4; lastKnownFileType = sourcecode.c.h; path = JPExportCancelView.h; sourceTree = "<group>"; };
		1A54DA74254583790053F75F /* JPExportCancelView.m */ = {isa = PBXFileReference; fileEncoding = 4; lastKnownFileType = sourcecode.c.objc; path = JPExportCancelView.m; sourceTree = "<group>"; };
		1A54DA7A254589A60053F75F /* Kobe.jpg */ = {isa = PBXFileReference; lastKnownFileType = image.jpeg; path = Kobe.jpg; sourceTree = "<group>"; };
		1A54DA7B254589A60053F75F /* flowers.jpg */ = {isa = PBXFileReference; lastKnownFileType = image.jpeg; path = flowers.jpg; sourceTree = "<group>"; };
		1A54DA7C254589A60053F75F /* DanielWuFace.png */ = {isa = PBXFileReference; lastKnownFileType = image.png; path = DanielWuFace.png; sourceTree = "<group>"; };
		1A54DA7D254589A60053F75F /* DanielWu.jpg */ = {isa = PBXFileReference; lastKnownFileType = image.jpeg; path = DanielWu.jpg; sourceTree = "<group>"; };
		1A54DA7E254589A60053F75F /* Girl8.jpg */ = {isa = PBXFileReference; lastKnownFileType = image.jpeg; path = Girl8.jpg; sourceTree = "<group>"; };
		1A54DA7F254589A60053F75F /* Girl4.jpg */ = {isa = PBXFileReference; lastKnownFileType = image.jpeg; path = Girl4.jpg; sourceTree = "<group>"; };
		1A54DA80254589A60053F75F /* Girl5.jpg */ = {isa = PBXFileReference; lastKnownFileType = image.jpeg; path = Girl5.jpg; sourceTree = "<group>"; };
		1A54DA81254589A60053F75F /* supreme.png */ = {isa = PBXFileReference; lastKnownFileType = image.png; path = supreme.png; sourceTree = "<group>"; };
		1A54DA82254589A60053F75F /* Girl7.jpg */ = {isa = PBXFileReference; lastKnownFileType = image.jpeg; path = Girl7.jpg; sourceTree = "<group>"; };
		1A54DA83254589A60053F75F /* Girl6.jpg */ = {isa = PBXFileReference; lastKnownFileType = image.jpeg; path = Girl6.jpg; sourceTree = "<group>"; };
		1A54DA84254589A60053F75F /* Girl2.jpg */ = {isa = PBXFileReference; lastKnownFileType = image.jpeg; path = Girl2.jpg; sourceTree = "<group>"; };
		1A54DA85254589A60053F75F /* Girl3.jpg */ = {isa = PBXFileReference; lastKnownFileType = image.jpeg; path = Girl3.jpg; sourceTree = "<group>"; };
		1A54DA86254589A60053F75F /* Girl1.jpg */ = {isa = PBXFileReference; lastKnownFileType = image.jpeg; path = Girl1.jpg; sourceTree = "<group>"; };
		1A54DA87254589A60053F75F /* love.png */ = {isa = PBXFileReference; lastKnownFileType = image.png; path = love.png; sourceTree = "<group>"; };
		1A54DA89254589A60053F75F /* Gem.gif */ = {isa = PBXFileReference; lastKnownFileType = image.gif; path = Gem.gif; sourceTree = "<group>"; };
		1A54DA8A254589A60053F75F /* Dilraba.gif */ = {isa = PBXFileReference; lastKnownFileType = image.gif; path = Dilraba.gif; sourceTree = "<group>"; };
		1A54DA8C254589A60053F75F /* yaorenmao.mov */ = {isa = PBXFileReference; lastKnownFileType = video.quicktime; path = yaorenmao.mov; sourceTree = "<group>"; };
		1A54DA8E254589A60053F75F /* shapeList.plist */ = {isa = PBXFileReference; fileEncoding = 4; lastKnownFileType = text.plist.xml; path = shapeList.plist; sourceTree = "<group>"; };
		1A54DA8F254589A60053F75F /* shape.ttf */ = {isa = PBXFileReference; lastKnownFileType = file; path = shape.ttf; sourceTree = "<group>"; };
		1A601A381FEBB523004B39A1 /* README_EN.md */ = {isa = PBXFileReference; fileEncoding = 4; lastKnownFileType = net.daringfireball.markdown; name = README_EN.md; path = ../README_EN.md; sourceTree = "<group>"; };
		1A601A391FEBB523004B39A1 /* LICENSE */ = {isa = PBXFileReference; fileEncoding = 4; lastKnownFileType = text; name = LICENSE; path = ../LICENSE; sourceTree = "<group>"; };
		1A60C767241E3BA0000E1692 /* README.md */ = {isa = PBXFileReference; fileEncoding = 4; lastKnownFileType = net.daringfireball.markdown; name = README.md; path = ../README.md; sourceTree = "<group>"; };
		1A658767262AEE0B00846689 /* JPImageresizerView_Example-Bridging-Header.h */ = {isa = PBXFileReference; lastKnownFileType = sourcecode.c.h; path = "JPImageresizerView_Example-Bridging-Header.h"; sourceTree = "<group>"; };
		1A658768262AEE0C00846689 /* JPCropViewController.swift */ = {isa = PBXFileReference; lastKnownFileType = sourcecode.swift; path = JPCropViewController.swift; sourceTree = "<group>"; };
		1A7394E8249DD9210024D2B6 /* ReplaceFaceViewController.h */ = {isa = PBXFileReference; lastKnownFileType = sourcecode.c.h; path = ReplaceFaceViewController.h; sourceTree = "<group>"; };
		1A7394E9249DD9210024D2B6 /* ReplaceFaceViewController.m */ = {isa = PBXFileReference; lastKnownFileType = sourcecode.c.objc; path = ReplaceFaceViewController.m; sourceTree = "<group>"; };
		1A9CBE99267A2A3400E4D0C6 /* JPDynamicPage.h */ = {isa = PBXFileReference; fileEncoding = 4; lastKnownFileType = sourcecode.c.h; path = JPDynamicPage.h; sourceTree = "<group>"; };
		1A9CBE9A267A2A3400E4D0C6 /* JPDynamicPage.m */ = {isa = PBXFileReference; fileEncoding = 4; lastKnownFileType = sourcecode.c.objc; path = JPDynamicPage.m; sourceTree = "<group>"; };
		1AA468C2249A0CFE0081452F /* FaceView.h */ = {isa = PBXFileReference; fileEncoding = 4; lastKnownFileType = sourcecode.c.h; path = FaceView.h; sourceTree = "<group>"; };
		1AA468C3249A0CFE0081452F /* DanielWuViewController.m */ = {isa = PBXFileReference; fileEncoding = 4; lastKnownFileType = sourcecode.c.objc; path = DanielWuViewController.m; sourceTree = "<group>"; };
		1AA468C4249A0CFE0081452F /* FaceView.m */ = {isa = PBXFileReference; fileEncoding = 4; lastKnownFileType = sourcecode.c.objc; path = FaceView.m; sourceTree = "<group>"; };
		1AA468C5249A0CFE0081452F /* DanielWuViewController.h */ = {isa = PBXFileReference; fileEncoding = 4; lastKnownFileType = sourcecode.c.h; path = DanielWuViewController.h; sourceTree = "<group>"; };
		1AA468C9249A0D9B0081452F /* ShapeMergeCell.h */ = {isa = PBXFileReference; fileEncoding = 4; lastKnownFileType = sourcecode.c.h; path = ShapeMergeCell.h; sourceTree = "<group>"; };
		1AA468CB249A0D9B0081452F /* ShapeMergeCell.m */ = {isa = PBXFileReference; fileEncoding = 4; lastKnownFileType = sourcecode.c.objc; path = ShapeMergeCell.m; sourceTree = "<group>"; };
		1AA468CF249A0DC50081452F /* JPAttachmentFlowLayout.h */ = {isa = PBXFileReference; fileEncoding = 4; lastKnownFileType = sourcecode.c.h; path = JPAttachmentFlowLayout.h; sourceTree = "<group>"; };
		1AA468D0249A0DC60081452F /* JPAttachmentFlowLayout.m */ = {isa = PBXFileReference; fileEncoding = 4; lastKnownFileType = sourcecode.c.objc; path = JPAttachmentFlowLayout.m; sourceTree = "<group>"; };
		1AA468D4249A0E240081452F /* ShapeListViewController.h */ = {isa = PBXFileReference; fileEncoding = 4; lastKnownFileType = sourcecode.c.h; path = ShapeListViewController.h; sourceTree = "<group>"; };
		1AA468D5249A0E240081452F /* ShapeListViewController.m */ = {isa = PBXFileReference; fileEncoding = 4; lastKnownFileType = sourcecode.c.objc; path = ShapeListViewController.m; sourceTree = "<group>"; };
		1AA6F3F023A9B862008EFA8B /* PrefixHeader.pch */ = {isa = PBXFileReference; lastKnownFileType = sourcecode.c.h; path = PrefixHeader.pch; sourceTree = "<group>"; };
		6003F58A195388D20070C39A /* JPImageresizerView_Example.app */ = {isa = PBXFileReference; explicitFileType = wrapper.application; includeInIndex = 0; path = JPImageresizerView_Example.app; sourceTree = BUILT_PRODUCTS_DIR; };
		6003F58D195388D20070C39A /* Foundation.framework */ = {isa = PBXFileReference; lastKnownFileType = wrapper.framework; name = Foundation.framework; path = System/Library/Frameworks/Foundation.framework; sourceTree = SDKROOT; };
		6003F58F195388D20070C39A /* CoreGraphics.framework */ = {isa = PBXFileReference; lastKnownFileType = wrapper.framework; name = CoreGraphics.framework; path = System/Library/Frameworks/CoreGraphics.framework; sourceTree = SDKROOT; };
		6003F591195388D20070C39A /* UIKit.framework */ = {isa = PBXFileReference; lastKnownFileType = wrapper.framework; name = UIKit.framework; path = System/Library/Frameworks/UIKit.framework; sourceTree = SDKROOT; };
		6003F595195388D20070C39A /* JPImageresizerView-Info.plist */ = {isa = PBXFileReference; lastKnownFileType = text.plist.xml; path = "JPImageresizerView-Info.plist"; sourceTree = "<group>"; };
		6003F597195388D20070C39A /* en */ = {isa = PBXFileReference; lastKnownFileType = text.plist.strings; name = en; path = en.lproj/InfoPlist.strings; sourceTree = "<group>"; };
		6003F599195388D20070C39A /* main.m */ = {isa = PBXFileReference; lastKnownFileType = sourcecode.c.objc; path = main.m; sourceTree = "<group>"; };
		6003F59C195388D20070C39A /* JPAppDelegate.h */ = {isa = PBXFileReference; lastKnownFileType = sourcecode.c.h; path = JPAppDelegate.h; sourceTree = "<group>"; };
		6003F59D195388D20070C39A /* JPAppDelegate.m */ = {isa = PBXFileReference; lastKnownFileType = sourcecode.c.objc; path = JPAppDelegate.m; sourceTree = "<group>"; };
		6003F5A5195388D20070C39A /* JPImageresizerViewController.h */ = {isa = PBXFileReference; lastKnownFileType = sourcecode.c.h; path = JPImageresizerViewController.h; sourceTree = "<group>"; };
		6003F5A6195388D20070C39A /* JPImageresizerViewController.m */ = {isa = PBXFileReference; lastKnownFileType = sourcecode.c.objc; path = JPImageresizerViewController.m; sourceTree = "<group>"; };
		6003F5A8195388D20070C39A /* Images.xcassets */ = {isa = PBXFileReference; lastKnownFileType = folder.assetcatalog; path = Images.xcassets; sourceTree = "<group>"; };
		6003F5AF195388D20070C39A /* XCTest.framework */ = {isa = PBXFileReference; lastKnownFileType = wrapper.framework; name = XCTest.framework; path = Library/Frameworks/XCTest.framework; sourceTree = DEVELOPER_DIR; };
		71719F9E1E33DC2100824A3D /* Base */ = {isa = PBXFileReference; lastKnownFileType = file.storyboard; name = Base; path = Base.lproj/LaunchScreen.storyboard; sourceTree = "<group>"; };
		718FEDE92869C1D800686129 /* CropView.swift */ = {isa = PBXFileReference; lastKnownFileType = sourcecode.swift; path = CropView.swift; sourceTree = "<group>"; };
		718FEDED2869C6EF00686129 /* Modifier.swift */ = {isa = PBXFileReference; lastKnownFileType = sourcecode.swift; path = Modifier.swift; sourceTree = "<group>"; };
		718FEE2C286AEC0300686129 /* OneDaySize.swift */ = {isa = PBXFileReference; lastKnownFileType = sourcecode.swift; path = OneDaySize.swift; sourceTree = "<group>"; };
		718FEE2E286AEE3C00686129 /* OneDayView.swift */ = {isa = PBXFileReference; fileEncoding = 4; lastKnownFileType = sourcecode.swift; path = OneDayView.swift; sourceTree = "<group>"; };
		718FEE30286B38BA00686129 /* ImageCroperView.swift */ = {isa = PBXFileReference; fileEncoding = 4; lastKnownFileType = sourcecode.swift; path = ImageCroperView.swift; sourceTree = "<group>"; };
		718FEE31286B38BA00686129 /* ImagePickerView.swift */ = {isa = PBXFileReference; fileEncoding = 4; lastKnownFileType = sourcecode.swift; path = ImagePickerView.swift; sourceTree = "<group>"; };
		71979C1C286F0670003AC1FF /* OneDayPreferenceKey.swift */ = {isa = PBXFileReference; lastKnownFileType = sourcecode.swift; path = OneDayPreferenceKey.swift; sourceTree = "<group>"; };
		873B8AEA1B1F5CCA007FD442 /* Main.storyboard */ = {isa = PBXFileReference; fileEncoding = 4; lastKnownFileType = file.storyboard; path = Main.storyboard; sourceTree = "<group>"; };
		9DE78341388E24FD10242AEE /* Pods_JPImageresizerView_Example.framework */ = {isa = PBXFileReference; explicitFileType = wrapper.framework; includeInIndex = 0; path = Pods_JPImageresizerView_Example.framework; sourceTree = BUILT_PRODUCTS_DIR; };
		A47783BBFA337AA1C11D8BF4 /* JPImageresizerView.podspec */ = {isa = PBXFileReference; includeInIndex = 1; lastKnownFileType = text; name = JPImageresizerView.podspec; path = ../JPImageresizerView.podspec; sourceTree = "<group>"; xcLanguageSpecificationIdentifier = xcode.lang.ruby; };
		C46C71829426976BC844347E /* Pods-JPImageresizerView_Example.release.xcconfig */ = {isa = PBXFileReference; includeInIndex = 1; lastKnownFileType = text.xcconfig; name = "Pods-JPImageresizerView_Example.release.xcconfig"; path = "Pods/Target Support Files/Pods-JPImageresizerView_Example/Pods-JPImageresizerView_Example.release.xcconfig"; sourceTree = "<group>"; };
		EDF50262EA18B9BAEAF8B21A /* Pods-JPImageresizerView_Example.debug.xcconfig */ = {isa = PBXFileReference; includeInIndex = 1; lastKnownFileType = text.xcconfig; name = "Pods-JPImageresizerView_Example.debug.xcconfig"; path = "Pods/Target Support Files/Pods-JPImageresizerView_Example/Pods-JPImageresizerView_Example.debug.xcconfig"; sourceTree = "<group>"; };
/* End PBXFileReference section */

/* Begin PBXFrameworksBuildPhase section */
		6003F587195388D20070C39A /* Frameworks */ = {
			isa = PBXFrameworksBuildPhase;
			buildActionMask = 2147483647;
			files = (
				6003F590195388D20070C39A /* CoreGraphics.framework in Frameworks */,
				6003F592195388D20070C39A /* UIKit.framework in Frameworks */,
				6003F58E195388D20070C39A /* Foundation.framework in Frameworks */,
				21BDBEA482917FC9EB2A4274 /* Pods_JPImageresizerView_Example.framework in Frameworks */,
			);
			runOnlyForDeploymentPostprocessing = 0;
		};
/* End PBXFrameworksBuildPhase section */

/* Begin PBXGroup section */
		002E78B8295ADA5B0071E30C /* Main */ = {
			isa = PBXGroup;
			children = (
				0024C32C292F5AD7002513DA /* JPExample.swift */,
				00A201DC2947349C00692814 /* JPExample+ViewController.swift */,
				008BEF8E2959B0E500C5A82C /* JPExample+FixOrientation.swift */,
				002E78B4295AA4740071E30C /* JPExample+Configure.swift */,
				00E5D9D2296EB82E006A6FDD /* JPExample+Execute.swift */,
			);
			path = Main;
			sourceTree = "<group>";
		};
		002E78B9295ADA7D0071E30C /* Extension */ = {
			isa = PBXGroup;
			children = (
				006A9E2B2A77DB9C00AD86BA /* UIAlertController+JPImageresizer.swift */,
				006A9E272A77CD1200AD86BA /* UIAlertController+.swift */,
				008BEF8629594ACE00C5A82C /* UIViewController+.swift */,
				008BEF8C29599D7D00C5A82C /* UIImage+.swift */,
				006A9E292A77CD4700AD86BA /* View+.swift */,
				002E78C0295AE1960071E30C /* Date+.swift */,
				00B3FAF82968306A00F48389 /* Error+.swift */,
			);
			path = Extension;
			sourceTree = "<group>";
		};
		002E78BA295ADAD80071E30C /* Workspace */ = {
			isa = PBXGroup;
			children = (
				6003F5A5195388D20070C39A /* JPImageresizerViewController.h */,
				6003F5A6195388D20070C39A /* JPImageresizerViewController.m */,
				1A4406AD1FFBC0AB009345D5 /* JPPreviewViewController.h */,
				1A4406AE1FFBC0AB009345D5 /* JPPreviewViewController.m */,
				1A658768262AEE0C00846689 /* JPCropViewController.swift */,
				00746A8B2B620AA600F0E9A8 /* JPColorMeasurementViewController.swift */,
				718FEDE82869C1B700686129 /* SwiftUI */,
			);
			path = Workspace;
			sourceTree = "<group>";
		};
		002E78BB295ADB5A0071E30C /* Photos */ = {
			isa = PBXGroup;
			children = (
				00B3FAF12968227E00F48389 /* ImagePicker */,
				1A0AB2DC22B22B0F00B6B6AB /* JPPhoto */,
			);
			path = Photos;
			sourceTree = "<group>";
		};
		006A04712B395A71009D8E82 /* 八爪丸 */ = {
			isa = PBXGroup;
			children = (
				006A046B2B39273C009D8E82 /* bazhuawan_icon.png */,
				006A046D2B39276F009D8E82 /* bazhuawan_error.png */,
				006A046F2B39277B009D8E82 /* bazhuawan_empty.png */,
				006A04852B395A71009D8E82 /* bazhuawan_1.png */,
				006A04832B395A71009D8E82 /* bazhuawan_2.png */,
				006A04842B395A71009D8E82 /* bazhuawan_3.png */,
				006A047F2B395A71009D8E82 /* bazhuawan_4.png */,
				006A04802B395A71009D8E82 /* bazhuawan_5.png */,
				006A04822B395A71009D8E82 /* bazhuawan_6.png */,
				006A04812B395A71009D8E82 /* bazhuawan_7.png */,
				006A04722B395A71009D8E82 /* bazhuawan_8.png */,
				006A04732B395A71009D8E82 /* bazhuawan_9.png */,
				006A047B2B395A71009D8E82 /* bazhuawan_10.png */,
				006A047A2B395A71009D8E82 /* bazhuawan_11.png */,
				006A04782B395A71009D8E82 /* bazhuawan_12.png */,
				006A04792B395A71009D8E82 /* bazhuawan_13.png */,
				006A04742B395A71009D8E82 /* bazhuawan_14.png */,
				006A04752B395A71009D8E82 /* bazhuawan_15.png */,
				006A04772B395A71009D8E82 /* bazhuawan_16.png */,
				006A04762B395A71009D8E82 /* bazhuawan_17.png */,
				006A047D2B395A71009D8E82 /* bazhuawan_18.png */,
				006A047E2B395A71009D8E82 /* bazhuawan_19.png */,
				006A047C2B395A71009D8E82 /* bazhuawan_20.png */,
			);
			path = "八爪丸";
			sourceTree = "<group>";
		};
		00796CC52B628196001F9C51 /* Girls */ = {
			isa = PBXGroup;
			children = (
				1A54DA86254589A60053F75F /* Girl1.jpg */,
				1A54DA84254589A60053F75F /* Girl2.jpg */,
				1A54DA85254589A60053F75F /* Girl3.jpg */,
				1A54DA7F254589A60053F75F /* Girl4.jpg */,
				1A54DA80254589A60053F75F /* Girl5.jpg */,
				1A54DA83254589A60053F75F /* Girl6.jpg */,
				1A54DA82254589A60053F75F /* Girl7.jpg */,
				1A54DA7E254589A60053F75F /* Girl8.jpg */,
			);
			path = Girls;
			sourceTree = "<group>";
		};
		00B3FAF12968227E00F48389 /* ImagePicker */ = {
			isa = PBXGroup;
			children = (
				00B3FAF42968227E00F48389 /* ImagePicker.API.swift */,
				00B3FAF32968227E00F48389 /* ImagePicker.swift */,
				00B3FAF22968227E00F48389 /* ImagePickerObject.swift */,
			);
			path = ImagePicker;
			sourceTree = "<group>";
		};
		1A0AB2DC22B22B0F00B6B6AB /* JPPhoto */ = {
			isa = PBXGroup;
			children = (
				1A0AB2F022B22B0F00B6B6AB /* Controller */,
				1A0AB2F622B22B0F00B6B6AB /* View */,
				1A0AB2DD22B22B0F00B6B6AB /* ViewModel */,
				1A0AB2FC22B22B0F00B6B6AB /* Tool */,
				1A0AB2E922B22B0F00B6B6AB /* WMPageController */,
			);
			path = JPPhoto;
			sourceTree = "<group>";
		};
		1A0AB2DD22B22B0F00B6B6AB /* ViewModel */ = {
			isa = PBXGroup;
			children = (
				1A0AB2DE22B22B0F00B6B6AB /* JPAlbumViewModel.h */,
				1A0AB2E122B22B0F00B6B6AB /* JPAlbumViewModel.m */,
				1A0AB2DF22B22B0F00B6B6AB /* JPPhotoViewModel.h */,
				1A0AB2E022B22B0F00B6B6AB /* JPPhotoViewModel.m */,
			);
			path = ViewModel;
			sourceTree = "<group>";
		};
		1A0AB2E922B22B0F00B6B6AB /* WMPageController */ = {
			isa = PBXGroup;
			children = (
				1A0AB2ED22B22B0F00B6B6AB /* WMPageController.h */,
				1A0AB2EB22B22B0F00B6B6AB /* WMPageController.m */,
				1A0AB2EA22B22B0F00B6B6AB /* WMScrollView.h */,
				1A0AB2EE22B22B0F00B6B6AB /* WMScrollView.m */,
				1A0AB2EF22B22B0F00B6B6AB /* UIViewController+WMPageController.h */,
				1A0AB2EC22B22B0F00B6B6AB /* UIViewController+WMPageController.m */,
			);
			path = WMPageController;
			sourceTree = "<group>";
		};
		1A0AB2F022B22B0F00B6B6AB /* Controller */ = {
			isa = PBXGroup;
			children = (
				1A0AB2F222B22B0F00B6B6AB /* JPPhotoViewController.h */,
				1A0AB2F422B22B0F00B6B6AB /* JPPhotoViewController.m */,
				1A0AB2F322B22B0F00B6B6AB /* JPPhotoCollectionViewController.h */,
				1A0AB2F122B22B0F00B6B6AB /* JPPhotoCollectionViewController.m */,
			);
			path = Controller;
			sourceTree = "<group>";
		};
		1A0AB2F622B22B0F00B6B6AB /* View */ = {
			isa = PBXGroup;
			children = (
				1A0AB35222B247DB00B6B6AB /* JPCategoryTitleView */,
				1A0AB36022B2760200B6B6AB /* JPPhotoCollectionViewFlowLayout.h */,
				1A0AB35F22B2760100B6B6AB /* JPPhotoCollectionViewFlowLayout.m */,
				1A0AB2FA22B22B0F00B6B6AB /* JPPictureChooseCellProtocol.h */,
				1A0AB2FB22B22B0F00B6B6AB /* JPPhotoCell.h */,
				1A0AB2F822B22B0F00B6B6AB /* JPPhotoCell.m */,
				1A0AB35D22B25B7300B6B6AB /* NoDataView.h */,
				1A0AB35C22B25B7300B6B6AB /* NoDataView.m */,
			);
			path = View;
			sourceTree = "<group>";
		};
		1A0AB2FC22B22B0F00B6B6AB /* Tool */ = {
			isa = PBXGroup;
			children = (
				1A0AB2FD22B22B0F00B6B6AB /* JPPhotoTool.h */,
				1A0AB2FE22B22B0F00B6B6AB /* JPPhotoTool.m */,
			);
			path = Tool;
			sourceTree = "<group>";
		};
		1A0AB35222B247DB00B6B6AB /* JPCategoryTitleView */ = {
			isa = PBXGroup;
			children = (
				1A0AB35522B247DB00B6B6AB /* JPCategoryTitleView.h */,
				1A0AB35822B247DB00B6B6AB /* JPCategoryTitleView.m */,
				1A0AB35722B247DB00B6B6AB /* JPCategoryTitleViewModel.h */,
				1A0AB35322B247DB00B6B6AB /* JPCategoryTitleViewModel.m */,
				1A0AB35422B247DB00B6B6AB /* JPCategoryTitleCell.h */,
				1A0AB35622B247DB00B6B6AB /* JPCategoryTitleCell.m */,
			);
			path = JPCategoryTitleView;
			sourceTree = "<group>";
		};
		1A0AB36522B2854A00B6B6AB /* Resource */ = {
			isa = PBXGroup;
			children = (
				1A54DA79254589A60053F75F /* Picture */,
				1A54DA88254589A60053F75F /* Gif */,
				1A54DA8B254589A60053F75F /* Video */,
				1A54DA8D254589A60053F75F /* Font */,
			);
			path = Resource;
			sourceTree = "<group>";
		};
		1A10433623A495AD00D1B2DF /* Helper */ = {
			isa = PBXGroup;
			children = (
				002E78BB295ADB5A0071E30C /* Photos */,
				1AA468C1249A0CFE0081452F /* ReplaceFace */,
				1AA468C0249A0CFE0081452F /* ShapeList */,
				1A9CBE99267A2A3400E4D0C6 /* JPDynamicPage.h */,
				1A9CBE9A267A2A3400E4D0C6 /* JPDynamicPage.m */,
				1A54DA73254583790053F75F /* JPExportCancelView.h */,
				1A54DA74254583790053F75F /* JPExportCancelView.m */,
				002E78BD295ADDB40071E30C /* JPSolveTool.h */,
				002E78BE295ADDB40071E30C /* JPSolveTool.m */,
			);
			path = Helper;
			sourceTree = "<group>";
		};
		1A54DA79254589A60053F75F /* Picture */ = {
			isa = PBXGroup;
			children = (
				00796CC52B628196001F9C51 /* Girls */,
				006A04712B395A71009D8E82 /* 八爪丸 */,
				1A54DA7D254589A60053F75F /* DanielWu.jpg */,
				1A54DA7C254589A60053F75F /* DanielWuFace.png */,
				1A54DA7A254589A60053F75F /* Kobe.jpg */,
				1A54DA7B254589A60053F75F /* flowers.jpg */,
				1A54DA87254589A60053F75F /* love.png */,
				1A54DA81254589A60053F75F /* supreme.png */,
				00796CC12B626D1E001F9C51 /* transparentBG.png */,
				00796CC32B62795E001F9C51 /* colorpicker.png */,
			);
			path = Picture;
			sourceTree = "<group>";
		};
		1A54DA88254589A60053F75F /* Gif */ = {
			isa = PBXGroup;
			children = (
				1A54DA8A254589A60053F75F /* Dilraba.gif */,
				1A54DA89254589A60053F75F /* Gem.gif */,
			);
			path = Gif;
			sourceTree = "<group>";
		};
		1A54DA8B254589A60053F75F /* Video */ = {
			isa = PBXGroup;
			children = (
				1A54DA8C254589A60053F75F /* yaorenmao.mov */,
				00465FD52C2E66D100E2D9BF /* seeTheSea.mp4 */,
			);
			path = Video;
			sourceTree = "<group>";
		};
		1A54DA8D254589A60053F75F /* Font */ = {
			isa = PBXGroup;
			children = (
				1A54DA8F254589A60053F75F /* shape.ttf */,
				1A54DA8E254589A60053F75F /* shapeList.plist */,
			);
			path = Font;
			sourceTree = "<group>";
		};
		1AA468C0249A0CFE0081452F /* ShapeList */ = {
			isa = PBXGroup;
			children = (
				1AA468D4249A0E240081452F /* ShapeListViewController.h */,
				1AA468D5249A0E240081452F /* ShapeListViewController.m */,
				1AA468C9249A0D9B0081452F /* ShapeMergeCell.h */,
				1AA468CB249A0D9B0081452F /* ShapeMergeCell.m */,
				1AA468CF249A0DC50081452F /* JPAttachmentFlowLayout.h */,
				1AA468D0249A0DC60081452F /* JPAttachmentFlowLayout.m */,
			);
			path = ShapeList;
			sourceTree = "<group>";
		};
		1AA468C1249A0CFE0081452F /* ReplaceFace */ = {
			isa = PBXGroup;
			children = (
				1A7394E8249DD9210024D2B6 /* ReplaceFaceViewController.h */,
				1A7394E9249DD9210024D2B6 /* ReplaceFaceViewController.m */,
				1AA468C5249A0CFE0081452F /* DanielWuViewController.h */,
				1AA468C3249A0CFE0081452F /* DanielWuViewController.m */,
				1AA468C2249A0CFE0081452F /* FaceView.h */,
				1AA468C4249A0CFE0081452F /* FaceView.m */,
			);
			path = ReplaceFace;
			sourceTree = "<group>";
		};
		53D013BDB4E96A6364E8D87C /* Pods */ = {
			isa = PBXGroup;
			children = (
				EDF50262EA18B9BAEAF8B21A /* Pods-JPImageresizerView_Example.debug.xcconfig */,
				C46C71829426976BC844347E /* Pods-JPImageresizerView_Example.release.xcconfig */,
			);
			name = Pods;
			sourceTree = "<group>";
		};
		6003F581195388D10070C39A = {
			isa = PBXGroup;
			children = (
				60FF7A9C1954A5C5007DD14C /* Podspec Metadata */,
				6003F593195388D20070C39A /* Example for JPImageresizerView */,
				6003F58C195388D20070C39A /* Frameworks */,
				6003F58B195388D20070C39A /* Products */,
				53D013BDB4E96A6364E8D87C /* Pods */,
			);
			sourceTree = "<group>";
		};
		6003F58B195388D20070C39A /* Products */ = {
			isa = PBXGroup;
			children = (
				6003F58A195388D20070C39A /* JPImageresizerView_Example.app */,
			);
			name = Products;
			sourceTree = "<group>";
		};
		6003F58C195388D20070C39A /* Frameworks */ = {
			isa = PBXGroup;
			children = (
				6003F58D195388D20070C39A /* Foundation.framework */,
				6003F58F195388D20070C39A /* CoreGraphics.framework */,
				6003F591195388D20070C39A /* UIKit.framework */,
				6003F5AF195388D20070C39A /* XCTest.framework */,
				9DE78341388E24FD10242AEE /* Pods_JPImageresizerView_Example.framework */,
			);
			name = Frameworks;
			sourceTree = "<group>";
		};
		6003F593195388D20070C39A /* Example for JPImageresizerView */ = {
			isa = PBXGroup;
			children = (
				6003F59C195388D20070C39A /* JPAppDelegate.h */,
				6003F59D195388D20070C39A /* JPAppDelegate.m */,
				0002A57E2CBBC81D0006C80F /* SceneDelegate.h */,
				0002A57F2CBBC81D0006C80F /* SceneDelegate.m */,
				002E78B8295ADA5B0071E30C /* Main */,
				002E78BA295ADAD80071E30C /* Workspace */,
				002E78B9295ADA7D0071E30C /* Extension */,
				1A10433623A495AD00D1B2DF /* Helper */,
				1A0AB36522B2854A00B6B6AB /* Resource */,
				6003F594195388D20070C39A /* Supporting Files */,
			);
			name = "Example for JPImageresizerView";
			path = JPImageresizerView;
			sourceTree = "<group>";
		};
		6003F594195388D20070C39A /* Supporting Files */ = {
			isa = PBXGroup;
			children = (
				6003F595195388D20070C39A /* JPImageresizerView-Info.plist */,
				6003F596195388D20070C39A /* InfoPlist.strings */,
				6003F599195388D20070C39A /* main.m */,
				6003F5A8195388D20070C39A /* Images.xcassets */,
				873B8AEA1B1F5CCA007FD442 /* Main.storyboard */,
				71719F9D1E33DC2100824A3D /* LaunchScreen.storyboard */,
				1AA6F3F023A9B862008EFA8B /* PrefixHeader.pch */,
				1A658767262AEE0B00846689 /* JPImageresizerView_Example-Bridging-Header.h */,
			);
			name = "Supporting Files";
			sourceTree = "<group>";
		};
		60FF7A9C1954A5C5007DD14C /* Podspec Metadata */ = {
			isa = PBXGroup;
			children = (
				A47783BBFA337AA1C11D8BF4 /* JPImageresizerView.podspec */,
				1A60C767241E3BA0000E1692 /* README.md */,
				1A601A381FEBB523004B39A1 /* README_EN.md */,
				1A601A391FEBB523004B39A1 /* LICENSE */,
			);
			name = "Podspec Metadata";
			sourceTree = "<group>";
		};
		718FEDE82869C1B700686129 /* SwiftUI */ = {
			isa = PBXGroup;
			children = (
				718FEDE92869C1D800686129 /* CropView.swift */,
				718FEE2E286AEE3C00686129 /* OneDayView.swift */,
				718FEE2C286AEC0300686129 /* OneDaySize.swift */,
				71979C1C286F0670003AC1FF /* OneDayPreferenceKey.swift */,
				718FEDED2869C6EF00686129 /* Modifier.swift */,
				718FEE31286B38BA00686129 /* ImagePickerView.swift */,
				718FEE30286B38BA00686129 /* ImageCroperView.swift */,
			);
			path = SwiftUI;
			sourceTree = "<group>";
		};
/* End PBXGroup section */

/* Begin PBXNativeTarget section */
		6003F589195388D20070C39A /* JPImageresizerView_Example */ = {
			isa = PBXNativeTarget;
			buildConfigurationList = 6003F5BF195388D20070C39A /* Build configuration list for PBXNativeTarget "JPImageresizerView_Example" */;
			buildPhases = (
				134B5C389C2B76510574CDF0 /* [CP] Check Pods Manifest.lock */,
				6003F586195388D20070C39A /* Sources */,
				6003F587195388D20070C39A /* Frameworks */,
				6003F588195388D20070C39A /* Resources */,
				68FB2B59B467D02BA413A99F /* [CP] Embed Pods Frameworks */,
				1A9ED46B22DDA1C200159F91 /* Embed Frameworks */,
			);
			buildRules = (
			);
			dependencies = (
			);
			name = JPImageresizerView_Example;
			productName = JPImageresizerView;
			productReference = 6003F58A195388D20070C39A /* JPImageresizerView_Example.app */;
			productType = "com.apple.product-type.application";
		};
/* End PBXNativeTarget section */

/* Begin PBXProject section */
		6003F582195388D10070C39A /* Project object */ = {
			isa = PBXProject;
			attributes = {
				CLASSPREFIX = JP;
				DefaultBuildSystemTypeForWorkspace = Latest;
				LastUpgradeCheck = 1240;
				ORGANIZATIONNAME = ZhouJianPing;
				TargetAttributes = {
					6003F589195388D20070C39A = {
						DevelopmentTeam = FH4WHYK8ZQ;
						LastSwiftMigration = 1240;
						ProvisioningStyle = Automatic;
					};
				};
			};
			buildConfigurationList = 6003F585195388D10070C39A /* Build configuration list for PBXProject "JPImageresizerView" */;
			compatibilityVersion = "Xcode 3.2";
			developmentRegion = en;
			hasScannedForEncodings = 0;
			knownRegions = (
				en,
				Base,
			);
			mainGroup = 6003F581195388D10070C39A;
			productRefGroup = 6003F58B195388D20070C39A /* Products */;
			projectDirPath = "";
			projectRoot = "";
			targets = (
				6003F589195388D20070C39A /* JPImageresizerView_Example */,
			);
		};
/* End PBXProject section */

/* Begin PBXResourcesBuildPhase section */
		6003F588195388D20070C39A /* Resources */ = {
			isa = PBXResourcesBuildPhase;
			buildActionMask = 2147483647;
			files = (
				006A04932B395A71009D8E82 /* bazhuawan_4.png in Resources */,
				006A04862B395A71009D8E82 /* bazhuawan_8.png in Resources */,
				1A54DA9D254589A60053F75F /* love.png in Resources */,
				873B8AEB1B1F5CCA007FD442 /* Main.storyboard in Resources */,
				006A04902B395A71009D8E82 /* bazhuawan_20.png in Resources */,
				006A04702B39277B009D8E82 /* bazhuawan_empty.png in Resources */,
				006A04942B395A71009D8E82 /* bazhuawan_5.png in Resources */,
				1A54DA99254589A60053F75F /* Girl6.jpg in Resources */,
				00796CC22B626D1E001F9C51 /* transparentBG.png in Resources */,
				006A046E2B39276F009D8E82 /* bazhuawan_error.png in Resources */,
				00796CC42B62795E001F9C51 /* colorpicker.png in Resources */,
				71719F9F1E33DC2100824A3D /* LaunchScreen.storyboard in Resources */,
				1A54DA9F254589A60053F75F /* Dilraba.gif in Resources */,
				006A048B2B395A71009D8E82 /* bazhuawan_16.png in Resources */,
				006A04922B395A71009D8E82 /* bazhuawan_19.png in Resources */,
				006A048D2B395A71009D8E82 /* bazhuawan_13.png in Resources */,
				006A048F2B395A71009D8E82 /* bazhuawan_10.png in Resources */,
				006A04912B395A71009D8E82 /* bazhuawan_18.png in Resources */,
				1A54DA98254589A60053F75F /* Girl7.jpg in Resources */,
				006A048C2B395A71009D8E82 /* bazhuawan_12.png in Resources */,
				1A601A3B1FEBB523004B39A1 /* LICENSE in Resources */,
				006A048E2B395A71009D8E82 /* bazhuawan_11.png in Resources */,
				1A54DA97254589A60053F75F /* supreme.png in Resources */,
				1A54DA9A254589A60053F75F /* Girl2.jpg in Resources */,
				1A54DA9E254589A60053F75F /* Gem.gif in Resources */,
				00465FD62C2E66D100E2D9BF /* seeTheSea.mp4 in Resources */,
				006A04882B395A71009D8E82 /* bazhuawan_14.png in Resources */,
				006A04962B395A71009D8E82 /* bazhuawan_6.png in Resources */,
				1A54DA9C254589A60053F75F /* Girl1.jpg in Resources */,
				006A048A2B395A71009D8E82 /* bazhuawan_17.png in Resources */,
				1A601A3A1FEBB523004B39A1 /* README_EN.md in Resources */,
				006A04992B395A71009D8E82 /* bazhuawan_1.png in Resources */,
				1A54DA96254589A60053F75F /* Girl5.jpg in Resources */,
				006A04872B395A71009D8E82 /* bazhuawan_9.png in Resources */,
				006A04892B395A71009D8E82 /* bazhuawan_15.png in Resources */,
				6003F5A9195388D20070C39A /* Images.xcassets in Resources */,
				006A04982B395A71009D8E82 /* bazhuawan_3.png in Resources */,
				1A54DA92254589A60053F75F /* DanielWuFace.png in Resources */,
				1A60C768241E3BA0000E1692 /* README.md in Resources */,
				006A046C2B39273C009D8E82 /* bazhuawan_icon.png in Resources */,
				1A54DAA2254589A60053F75F /* shape.ttf in Resources */,
				1A54DA9B254589A60053F75F /* Girl3.jpg in Resources */,
				1A54DAA1254589A60053F75F /* shapeList.plist in Resources */,
				1A54DA94254589A60053F75F /* Girl8.jpg in Resources */,
				006A04952B395A71009D8E82 /* bazhuawan_7.png in Resources */,
				1A54DA90254589A60053F75F /* Kobe.jpg in Resources */,
				006A04972B395A71009D8E82 /* bazhuawan_2.png in Resources */,
				6003F598195388D20070C39A /* InfoPlist.strings in Resources */,
				1A54DA95254589A60053F75F /* Girl4.jpg in Resources */,
				1A54DA91254589A60053F75F /* flowers.jpg in Resources */,
				1A54DAA0254589A60053F75F /* yaorenmao.mov in Resources */,
				1A54DA93254589A60053F75F /* DanielWu.jpg in Resources */,
			);
			runOnlyForDeploymentPostprocessing = 0;
		};
/* End PBXResourcesBuildPhase section */

/* Begin PBXShellScriptBuildPhase section */
		134B5C389C2B76510574CDF0 /* [CP] Check Pods Manifest.lock */ = {
			isa = PBXShellScriptBuildPhase;
			buildActionMask = 2147483647;
			files = (
			);
			inputPaths = (
				"${PODS_PODFILE_DIR_PATH}/Podfile.lock",
				"${PODS_ROOT}/Manifest.lock",
			);
			name = "[CP] Check Pods Manifest.lock";
			outputPaths = (
				"$(DERIVED_FILE_DIR)/Pods-JPImageresizerView_Example-checkManifestLockResult.txt",
			);
			runOnlyForDeploymentPostprocessing = 0;
			shellPath = /bin/sh;
			shellScript = "diff \"${PODS_PODFILE_DIR_PATH}/Podfile.lock\" \"${PODS_ROOT}/Manifest.lock\" > /dev/null\nif [ $? != 0 ] ; then\n    # print error to STDERR\n    echo \"error: The sandbox is not in sync with the Podfile.lock. Run 'pod install' or update your CocoaPods installation.\" >&2\n    exit 1\nfi\n# This output is used by Xcode 'outputs' to avoid re-running this script phase.\necho \"SUCCESS\" > \"${SCRIPT_OUTPUT_FILE_0}\"\n";
			showEnvVarsInLog = 0;
		};
		68FB2B59B467D02BA413A99F /* [CP] Embed Pods Frameworks */ = {
			isa = PBXShellScriptBuildPhase;
			buildActionMask = 2147483647;
			files = (
			);
			inputPaths = (
				"${PODS_ROOT}/Target Support Files/Pods-JPImageresizerView_Example/Pods-JPImageresizerView_Example-frameworks.sh",
				"${BUILT_PRODUCTS_DIR}/FunnyButton/FunnyButton.framework",
				"${BUILT_PRODUCTS_DIR}/JPBasic/JPBasic.framework",
				"${BUILT_PRODUCTS_DIR}/JPCrop/JPCrop.framework",
				"${BUILT_PRODUCTS_DIR}/JPImageresizerView/JPImageresizerView.framework",
				"${BUILT_PRODUCTS_DIR}/JPLiquidLayout/JPLiquidLayout.framework",
				"${BUILT_PRODUCTS_DIR}/LookinServer/LookinServer.framework",
				"${BUILT_PRODUCTS_DIR}/Masonry/Masonry.framework",
				"${BUILT_PRODUCTS_DIR}/SVProgressHUD/SVProgressHUD.framework",
				"${BUILT_PRODUCTS_DIR}/ScreenRotator/ScreenRotator.framework",
				"${BUILT_PRODUCTS_DIR}/pop/pop.framework",
			);
			name = "[CP] Embed Pods Frameworks";
			outputPaths = (
				"${TARGET_BUILD_DIR}/${FRAMEWORKS_FOLDER_PATH}/FunnyButton.framework",
				"${TARGET_BUILD_DIR}/${FRAMEWORKS_FOLDER_PATH}/JPBasic.framework",
				"${TARGET_BUILD_DIR}/${FRAMEWORKS_FOLDER_PATH}/JPCrop.framework",
				"${TARGET_BUILD_DIR}/${FRAMEWORKS_FOLDER_PATH}/JPImageresizerView.framework",
				"${TARGET_BUILD_DIR}/${FRAMEWORKS_FOLDER_PATH}/JPLiquidLayout.framework",
				"${TARGET_BUILD_DIR}/${FRAMEWORKS_FOLDER_PATH}/LookinServer.framework",
				"${TARGET_BUILD_DIR}/${FRAMEWORKS_FOLDER_PATH}/Masonry.framework",
				"${TARGET_BUILD_DIR}/${FRAMEWORKS_FOLDER_PATH}/SVProgressHUD.framework",
				"${TARGET_BUILD_DIR}/${FRAMEWORKS_FOLDER_PATH}/ScreenRotator.framework",
				"${TARGET_BUILD_DIR}/${FRAMEWORKS_FOLDER_PATH}/pop.framework",
			);
			runOnlyForDeploymentPostprocessing = 0;
			shellPath = /bin/sh;
			shellScript = "\"${PODS_ROOT}/Target Support Files/Pods-JPImageresizerView_Example/Pods-JPImageresizerView_Example-frameworks.sh\"\n";
			showEnvVarsInLog = 0;
		};
/* End PBXShellScriptBuildPhase section */

/* Begin PBXSourcesBuildPhase section */
		6003F586195388D20070C39A /* Sources */ = {
			isa = PBXSourcesBuildPhase;
			buildActionMask = 2147483647;
			files = (
				006A9E282A77CD1200AD86BA /* UIAlertController+.swift in Sources */,
				00B3FAF62968227E00F48389 /* ImagePicker.swift in Sources */,
				1A0AB30422B22B0F00B6B6AB /* WMPageController.m in Sources */,
				00746A8C2B620AA600F0E9A8 /* JPColorMeasurementViewController.swift in Sources */,
				0024C32D292F5AD7002513DA /* JPExample.swift in Sources */,
				1A0AB35922B247DB00B6B6AB /* JPCategoryTitleViewModel.m in Sources */,
				006A9E2C2A77DB9C00AD86BA /* UIAlertController+JPImageresizer.swift in Sources */,
				1AA468D6249A0E240081452F /* ShapeListViewController.m in Sources */,
				00A201DD2947349C00692814 /* JPExample+ViewController.swift in Sources */,
				1A7394EA249DD9210024D2B6 /* ReplaceFaceViewController.m in Sources */,
				6003F59E195388D20070C39A /* JPAppDelegate.m in Sources */,
				1AA468D2249A0DC60081452F /* JPAttachmentFlowLayout.m in Sources */,
				008BEF8D29599D7D00C5A82C /* UIImage+.swift in Sources */,
				1A0AB30822B22B0F00B6B6AB /* JPPhotoViewController.m in Sources */,
				718FEDEE2869C6EF00686129 /* Modifier.swift in Sources */,
				718FEE32286B38BA00686129 /* ImageCroperView.swift in Sources */,
				1AA468CD249A0D9B0081452F /* ShapeMergeCell.m in Sources */,
				008BEF8F2959B0E500C5A82C /* JPExample+FixOrientation.swift in Sources */,
				00B3FAF92968306A00F48389 /* Error+.swift in Sources */,
				1A9CBE9B267A2A3500E4D0C6 /* JPDynamicPage.m in Sources */,
				008BEF8729594ACE00C5A82C /* UIViewController+.swift in Sources */,
				1A0AB30A22B22B0F00B6B6AB /* JPPhotoCell.m in Sources */,
				1A0AB36122B2760200B6B6AB /* JPPhotoCollectionViewFlowLayout.m in Sources */,
				6003F5A7195388D20070C39A /* JPImageresizerViewController.m in Sources */,
				718FEE33286B38BA00686129 /* ImagePickerView.swift in Sources */,
				1A0AB35A22B247DB00B6B6AB /* JPCategoryTitleCell.m in Sources */,
				00E5D9D3296EB82E006A6FDD /* JPExample+Execute.swift in Sources */,
				1A0AB30722B22B0F00B6B6AB /* JPPhotoCollectionViewController.m in Sources */,
				718FEDEA2869C1D800686129 /* CropView.swift in Sources */,
				006A9E2A2A77CD4700AD86BA /* View+.swift in Sources */,
				1AA468C7249A0CFE0081452F /* FaceView.m in Sources */,
				718FEE2D286AEC0300686129 /* OneDaySize.swift in Sources */,
				002E78B5295AA4740071E30C /* JPExample+Configure.swift in Sources */,
				002E78BF295ADDB40071E30C /* JPSolveTool.m in Sources */,
				1A0AB30022B22B0F00B6B6AB /* JPAlbumViewModel.m in Sources */,
				718FEE2F286AEE3C00686129 /* OneDayView.swift in Sources */,
				71979C1D286F0670003AC1FF /* OneDayPreferenceKey.swift in Sources */,
				1A0AB30622B22B0F00B6B6AB /* WMScrollView.m in Sources */,
				1A54DA75254583790053F75F /* JPExportCancelView.m in Sources */,
				1A0AB2FF22B22B0F00B6B6AB /* JPPhotoViewModel.m in Sources */,
				1A0AB35B22B247DB00B6B6AB /* JPCategoryTitleView.m in Sources */,
				1A0AB30B22B22B0F00B6B6AB /* JPPhotoTool.m in Sources */,
				1A658769262AEE0C00846689 /* JPCropViewController.swift in Sources */,
				0002A5802CBBC81D0006C80F /* SceneDelegate.m in Sources */,
				00B3FAF72968227E00F48389 /* ImagePicker.API.swift in Sources */,
				1AA468C6249A0CFE0081452F /* DanielWuViewController.m in Sources */,
				1A0AB35E22B25B7300B6B6AB /* NoDataView.m in Sources */,
				0002A5532CBBBBD40006C80F /* main.m in Sources */,
				00B3FAF52968227E00F48389 /* ImagePickerObject.swift in Sources */,
				1A4406AF1FFBC0AB009345D5 /* JPPreviewViewController.m in Sources */,
				1A0AB30522B22B0F00B6B6AB /* UIViewController+WMPageController.m in Sources */,
				002E78C1295AE1960071E30C /* Date+.swift in Sources */,
			);
			runOnlyForDeploymentPostprocessing = 0;
		};
/* End PBXSourcesBuildPhase section */

/* Begin PBXVariantGroup section */
		6003F596195388D20070C39A /* InfoPlist.strings */ = {
			isa = PBXVariantGroup;
			children = (
				6003F597195388D20070C39A /* en */,
			);
			name = InfoPlist.strings;
			sourceTree = "<group>";
		};
		71719F9D1E33DC2100824A3D /* LaunchScreen.storyboard */ = {
			isa = PBXVariantGroup;
			children = (
				71719F9E1E33DC2100824A3D /* Base */,
			);
			name = LaunchScreen.storyboard;
			sourceTree = "<group>";
		};
/* End PBXVariantGroup section */

/* Begin XCBuildConfiguration section */
		6003F5BD195388D20070C39A /* Debug */ = {
			isa = XCBuildConfiguration;
			buildSettings = {
				ALWAYS_SEARCH_USER_PATHS = NO;
				CLANG_ANALYZER_LOCALIZABILITY_NONLOCALIZED = YES;
				CLANG_CXX_LANGUAGE_STANDARD = "gnu++0x";
				CLANG_CXX_LIBRARY = "libc++";
				CLANG_ENABLE_MODULES = YES;
				CLANG_ENABLE_OBJC_ARC = YES;
				CLANG_WARN_BLOCK_CAPTURE_AUTORELEASING = YES;
				CLANG_WARN_BOOL_CONVERSION = YES;
				CLANG_WARN_COMMA = YES;
				CLANG_WARN_CONSTANT_CONVERSION = YES;
				CLANG_WARN_DEPRECATED_OBJC_IMPLEMENTATIONS = YES;
				CLANG_WARN_DIRECT_OBJC_ISA_USAGE = YES_ERROR;
				CLANG_WARN_EMPTY_BODY = YES;
				CLANG_WARN_ENUM_CONVERSION = YES;
				CLANG_WARN_INFINITE_RECURSION = YES;
				CLANG_WARN_INT_CONVERSION = YES;
				CLANG_WARN_NON_LITERAL_NULL_CONVERSION = YES;
				CLANG_WARN_OBJC_IMPLICIT_RETAIN_SELF = YES;
				CLANG_WARN_OBJC_LITERAL_CONVERSION = YES;
				CLANG_WARN_OBJC_ROOT_CLASS = YES_ERROR;
				CLANG_WARN_QUOTED_INCLUDE_IN_FRAMEWORK_HEADER = YES;
				CLANG_WARN_RANGE_LOOP_ANALYSIS = YES;
				CLANG_WARN_STRICT_PROTOTYPES = YES;
				CLANG_WARN_SUSPICIOUS_MOVE = YES;
				CLANG_WARN_UNREACHABLE_CODE = YES;
				CLANG_WARN__DUPLICATE_METHOD_MATCH = YES;
				"CODE_SIGN_IDENTITY[sdk=iphoneos*]" = "iPhone Developer";
				COPY_PHASE_STRIP = NO;
				ENABLE_STRICT_OBJC_MSGSEND = YES;
				ENABLE_TESTABILITY = YES;
				GCC_C_LANGUAGE_STANDARD = gnu99;
				GCC_DYNAMIC_NO_PIC = NO;
				GCC_NO_COMMON_BLOCKS = YES;
				GCC_OPTIMIZATION_LEVEL = 0;
				GCC_PREPROCESSOR_DEFINITIONS = (
					"DEBUG=1",
					"$(inherited)",
				);
				GCC_SYMBOLS_PRIVATE_EXTERN = NO;
				GCC_WARN_64_TO_32_BIT_CONVERSION = YES;
				GCC_WARN_ABOUT_RETURN_TYPE = YES_ERROR;
				GCC_WARN_UNDECLARED_SELECTOR = YES;
				GCC_WARN_UNINITIALIZED_AUTOS = YES_AGGRESSIVE;
				GCC_WARN_UNUSED_FUNCTION = YES;
				GCC_WARN_UNUSED_VARIABLE = YES;
				IPHONEOS_DEPLOYMENT_TARGET = 13.0;
				ONLY_ACTIVE_ARCH = YES;
				SDKROOT = iphoneos;
				TARGETED_DEVICE_FAMILY = "1,2";
			};
			name = Debug;
		};
		6003F5BE195388D20070C39A /* Release */ = {
			isa = XCBuildConfiguration;
			buildSettings = {
				ALWAYS_SEARCH_USER_PATHS = NO;
				CLANG_ANALYZER_LOCALIZABILITY_NONLOCALIZED = YES;
				CLANG_CXX_LANGUAGE_STANDARD = "gnu++0x";
				CLANG_CXX_LIBRARY = "libc++";
				CLANG_ENABLE_MODULES = YES;
				CLANG_ENABLE_OBJC_ARC = YES;
				CLANG_WARN_BLOCK_CAPTURE_AUTORELEASING = YES;
				CLANG_WARN_BOOL_CONVERSION = YES;
				CLANG_WARN_COMMA = YES;
				CLANG_WARN_CONSTANT_CONVERSION = YES;
				CLANG_WARN_DEPRECATED_OBJC_IMPLEMENTATIONS = YES;
				CLANG_WARN_DIRECT_OBJC_ISA_USAGE = YES_ERROR;
				CLANG_WARN_EMPTY_BODY = YES;
				CLANG_WARN_ENUM_CONVERSION = YES;
				CLANG_WARN_INFINITE_RECURSION = YES;
				CLANG_WARN_INT_CONVERSION = YES;
				CLANG_WARN_NON_LITERAL_NULL_CONVERSION = YES;
				CLANG_WARN_OBJC_IMPLICIT_RETAIN_SELF = YES;
				CLANG_WARN_OBJC_LITERAL_CONVERSION = YES;
				CLANG_WARN_OBJC_ROOT_CLASS = YES_ERROR;
				CLANG_WARN_QUOTED_INCLUDE_IN_FRAMEWORK_HEADER = YES;
				CLANG_WARN_RANGE_LOOP_ANALYSIS = YES;
				CLANG_WARN_STRICT_PROTOTYPES = YES;
				CLANG_WARN_SUSPICIOUS_MOVE = YES;
				CLANG_WARN_UNREACHABLE_CODE = YES;
				CLANG_WARN__DUPLICATE_METHOD_MATCH = YES;
				"CODE_SIGN_IDENTITY[sdk=iphoneos*]" = "iPhone Developer";
				COPY_PHASE_STRIP = YES;
				ENABLE_NS_ASSERTIONS = NO;
				ENABLE_STRICT_OBJC_MSGSEND = YES;
				GCC_C_LANGUAGE_STANDARD = gnu99;
				GCC_NO_COMMON_BLOCKS = YES;
				GCC_WARN_64_TO_32_BIT_CONVERSION = YES;
				GCC_WARN_ABOUT_RETURN_TYPE = YES_ERROR;
				GCC_WARN_UNDECLARED_SELECTOR = YES;
				GCC_WARN_UNINITIALIZED_AUTOS = YES_AGGRESSIVE;
				GCC_WARN_UNUSED_FUNCTION = YES;
				GCC_WARN_UNUSED_VARIABLE = YES;
				IPHONEOS_DEPLOYMENT_TARGET = 13.0;
				SDKROOT = iphoneos;
				SWIFT_COMPILATION_MODE = wholemodule;
				TARGETED_DEVICE_FAMILY = "1,2";
				VALIDATE_PRODUCT = YES;
			};
			name = Release;
		};
		6003F5C0195388D20070C39A /* Debug */ = {
			isa = XCBuildConfiguration;
			baseConfigurationReference = EDF50262EA18B9BAEAF8B21A /* Pods-JPImageresizerView_Example.debug.xcconfig */;
			buildSettings = {
				ALWAYS_EMBED_SWIFT_STANDARD_LIBRARIES = YES;
				ASSETCATALOG_COMPILER_APPICON_NAME = AppIcon;
				CLANG_ENABLE_MODULES = YES;
				CODE_SIGN_IDENTITY = "Apple Development";
				CODE_SIGN_STYLE = Automatic;
				DEVELOPMENT_TEAM = FH4WHYK8ZQ;
				GCC_PRECOMPILE_PREFIX_HEADER = NO;
				GCC_PREFIX_HEADER = "$(SRCROOT)/JPImageresizerView/PrefixHeader.pch";
				INFOPLIST_FILE = "JPImageresizerView/JPImageresizerView-Info.plist";
				IPHONEOS_DEPLOYMENT_TARGET = 13.0;
				LD_RUNPATH_SEARCH_PATHS = "$(inherited) @executable_path/Frameworks";
				MODULE_NAME = ExampleApp;
				PRODUCT_BUNDLE_IDENTIFIER = "zhoujianping.JPImageresizerView-Example";
				PRODUCT_NAME = "$(TARGET_NAME)";
				PROVISIONING_PROFILE_SPECIFIER = "";
				SUPPORTED_PLATFORMS = "iphoneos iphonesimulator";
				SUPPORTS_MACCATALYST = NO;
				SUPPORTS_MAC_DESIGNED_FOR_IPHONE_IPAD = NO;
				SWIFT_OBJC_BRIDGING_HEADER = "JPImageresizerView/JPImageresizerView_Example-Bridging-Header.h";
				SWIFT_OPTIMIZATION_LEVEL = "-Onone";
				SWIFT_VERSION = 5.0;
				TARGETED_DEVICE_FAMILY = 1;
				WRAPPER_EXTENSION = app;
			};
			name = Debug;
		};
		6003F5C1195388D20070C39A /* Release */ = {
			isa = XCBuildConfiguration;
			baseConfigurationReference = C46C71829426976BC844347E /* Pods-JPImageresizerView_Example.release.xcconfig */;
			buildSettings = {
				ALWAYS_EMBED_SWIFT_STANDARD_LIBRARIES = YES;
				ASSETCATALOG_COMPILER_APPICON_NAME = AppIcon;
				CLANG_ENABLE_MODULES = YES;
				CODE_SIGN_IDENTITY = "Apple Development";
				CODE_SIGN_STYLE = Automatic;
				DEVELOPMENT_TEAM = FH4WHYK8ZQ;
				GCC_PRECOMPILE_PREFIX_HEADER = NO;
				GCC_PREFIX_HEADER = "$(SRCROOT)/JPImageresizerView/PrefixHeader.pch";
				INFOPLIST_FILE = "JPImageresizerView/JPImageresizerView-Info.plist";
				IPHONEOS_DEPLOYMENT_TARGET = 13.0;
				LD_RUNPATH_SEARCH_PATHS = "$(inherited) @executable_path/Frameworks";
				MODULE_NAME = ExampleApp;
				PRODUCT_BUNDLE_IDENTIFIER = "zhoujianping.JPImageresizerView-Example";
				PRODUCT_NAME = "$(TARGET_NAME)";
				PROVISIONING_PROFILE_SPECIFIER = "";
				SUPPORTED_PLATFORMS = "iphoneos iphonesimulator";
				SUPPORTS_MACCATALYST = NO;
				SUPPORTS_MAC_DESIGNED_FOR_IPHONE_IPAD = NO;
				SWIFT_OBJC_BRIDGING_HEADER = "JPImageresizerView/JPImageresizerView_Example-Bridging-Header.h";
				SWIFT_VERSION = 5.0;
				TARGETED_DEVICE_FAMILY = 1;
				WRAPPER_EXTENSION = app;
			};
			name = Release;
		};
/* End XCBuildConfiguration section */

/* Begin XCConfigurationList section */
		6003F585195388D10070C39A /* Build configuration list for PBXProject "JPImageresizerView" */ = {
			isa = XCConfigurationList;
			buildConfigurations = (
				6003F5BD195388D20070C39A /* Debug */,
				6003F5BE195388D20070C39A /* Release */,
			);
			defaultConfigurationIsVisible = 0;
			defaultConfigurationName = Release;
		};
		6003F5BF195388D20070C39A /* Build configuration list for PBXNativeTarget "JPImageresizerView_Example" */ = {
			isa = XCConfigurationList;
			buildConfigurations = (
				6003F5C0195388D20070C39A /* Debug */,
				6003F5C1195388D20070C39A /* Release */,
			);
			defaultConfigurationIsVisible = 0;
			defaultConfigurationName = Release;
		};
/* End XCConfigurationList section */
	};
	rootObject = 6003F582195388D10070C39A /* Project object */;
}
